// !$*UTF8*$!
{
	archiveVersion = 1;
	classes = {
	};
	objectVersion = 55;
	objects = {

/* Begin PBXBuildFile section */
		7F0FA11727C4167F00C603F5 /* FileProviderExtension.swift in Sources */ = {isa = PBXBuildFile; fileRef = 7F0FA11627C4167F00C603F5 /* FileProviderExtension.swift */; };
		7F0FA11927C4167F00C603F5 /* FileProviderItem.swift in Sources */ = {isa = PBXBuildFile; fileRef = 7F0FA11827C4167F00C603F5 /* FileProviderItem.swift */; };
		7F0FA11B27C4167F00C603F5 /* FileProviderEnumerator.swift in Sources */ = {isa = PBXBuildFile; fileRef = 7F0FA11A27C4167F00C603F5 /* FileProviderEnumerator.swift */; };
		7F0FA12527C4167F00C603F5 /* DocumentActionViewController.swift in Sources */ = {isa = PBXBuildFile; fileRef = 7F0FA12427C4167F00C603F5 /* DocumentActionViewController.swift */; };
		7F0FA12827C4167F00C603F5 /* MainInterface.storyboard in Resources */ = {isa = PBXBuildFile; fileRef = 7F0FA12627C4167F00C603F5 /* MainInterface.storyboard */; };
		7F0FA12C27C4167F00C603F5 /* CrateFilesAppProviderUI.appex in Embed App Extensions */ = {isa = PBXBuildFile; fileRef = 7F0FA12227C4167F00C603F5 /* CrateFilesAppProviderUI.appex */; settings = {ATTRIBUTES = (RemoveHeadersOnCopy, ); }; };
		7F0FA12F27C4167F00C603F5 /* CrateFilesAppProvider.appex in Embed App Extensions */ = {isa = PBXBuildFile; fileRef = 7F0FA11127C4167E00C603F5 /* CrateFilesAppProvider.appex */; settings = {ATTRIBUTES = (RemoveHeadersOnCopy, ); }; };
		7F0FA14727C417AF00C603F5 /* FileProviderExtension.swift in Sources */ = {isa = PBXBuildFile; fileRef = 7F0FA14627C417AF00C603F5 /* FileProviderExtension.swift */; };
		7F0FA14927C417AF00C603F5 /* FileProviderItem.swift in Sources */ = {isa = PBXBuildFile; fileRef = 7F0FA14827C417AF00C603F5 /* FileProviderItem.swift */; };
		7F0FA14B27C417AF00C603F5 /* FileProviderEnumerator.swift in Sources */ = {isa = PBXBuildFile; fileRef = 7F0FA14A27C417AF00C603F5 /* FileProviderEnumerator.swift */; };
		7F0FA15027C417AF00C603F5 /* CrateFinderProvider.appex in Embed App Extensions */ = {isa = PBXBuildFile; fileRef = 7F0FA14327C417AF00C603F5 /* CrateFinderProvider.appex */; settings = {ATTRIBUTES = (RemoveHeadersOnCopy, ); }; };
		7F0FA16427C4185400C603F5 /* Sidebar.swift in Sources */ = {isa = PBXBuildFile; fileRef = 7F0FA16127C4185400C603F5 /* Sidebar.swift */; };
		7F2974B927C5C33F00A3602D /* FilesView.swift in Sources */ = {isa = PBXBuildFile; fileRef = 7F2974B827C5C33F00A3602D /* FilesView.swift */; };
		7F2974BC27C5D1E100A3602D /* StatusView.swift in Sources */ = {isa = PBXBuildFile; fileRef = 7F2974BB27C5D1E100A3602D /* StatusView.swift */; };
		7F2974BE27C5D22A00A3602D /* FilesIndicator.swift in Sources */ = {isa = PBXBuildFile; fileRef = 7F2974BD27C5D22A00A3602D /* FilesIndicator.swift */; };
		7F2974C227C5DB8400A3602D /* StatusView.swift in Sources */ = {isa = PBXBuildFile; fileRef = 7F2974BB27C5D1E100A3602D /* StatusView.swift */; };
		7F2974C327C5DB8700A3602D /* FilesIndicator.swift in Sources */ = {isa = PBXBuildFile; fileRef = 7F2974BD27C5D22A00A3602D /* FilesIndicator.swift */; };
		7F2BA10F27CC8728008FFEDF /* TabBar.swift in Sources */ = {isa = PBXBuildFile; fileRef = 7F2BA10E27CC8728008FFEDF /* TabBar.swift */; };
		7F2BA11227CC8D0E008FFEDF /* Sidebar.swift in Sources */ = {isa = PBXBuildFile; fileRef = 7F0FA16127C4185400C603F5 /* Sidebar.swift */; };
		7F2BA11427CC8DD1008FFEDF /* CrateApp.swift in Sources */ = {isa = PBXBuildFile; fileRef = 7F2BA11327CC8DC6008FFEDF /* CrateApp.swift */; };
		7F2BA11527CC9065008FFEDF /* FilesView.swift in Sources */ = {isa = PBXBuildFile; fileRef = 7F2974B827C5C33F00A3602D /* FilesView.swift */; };
		7F2BA12527CDAB80008FFEDF /* IPFSTypes.swift in Sources */ = {isa = PBXBuildFile; fileRef = 7F2BA12427CDAB80008FFEDF /* IPFSTypes.swift */; };
		7F2BA12627CDAB80008FFEDF /* IPFSTypes.swift in Sources */ = {isa = PBXBuildFile; fileRef = 7F2BA12427CDAB80008FFEDF /* IPFSTypes.swift */; };
		7F2BA12C27CDB974008FFEDF /* FilesGrid.swift in Sources */ = {isa = PBXBuildFile; fileRef = 7F2BA12B27CDB974008FFEDF /* FilesGrid.swift */; };
		7F2BA12D27CDB974008FFEDF /* FilesGrid.swift in Sources */ = {isa = PBXBuildFile; fileRef = 7F2BA12B27CDB974008FFEDF /* FilesGrid.swift */; };
		7F2BA12F27CDB97E008FFEDF /* FilesList.swift in Sources */ = {isa = PBXBuildFile; fileRef = 7F2BA12E27CDB97E008FFEDF /* FilesList.swift */; };
		7F2BA13027CDB97E008FFEDF /* FilesList.swift in Sources */ = {isa = PBXBuildFile; fileRef = 7F2BA12E27CDB97E008FFEDF /* FilesList.swift */; };
		7F2BA13227CDB986008FFEDF /* FilesColumn.swift in Sources */ = {isa = PBXBuildFile; fileRef = 7F2BA13127CDB986008FFEDF /* FilesColumn.swift */; };
		7F2BA13327CDB986008FFEDF /* FilesColumn.swift in Sources */ = {isa = PBXBuildFile; fileRef = 7F2BA13127CDB986008FFEDF /* FilesColumn.swift */; };
		7F2BA13627CDB9D7008FFEDF /* FileStore.swift in Sources */ = {isa = PBXBuildFile; fileRef = 7F2BA13527CDB9D7008FFEDF /* FileStore.swift */; };
		7F2BA13727CDB9D7008FFEDF /* FileStore.swift in Sources */ = {isa = PBXBuildFile; fileRef = 7F2BA13527CDB9D7008FFEDF /* FileStore.swift */; };
		7F2BA13927CDBE95008FFEDF /* SectionHeader.swift in Sources */ = {isa = PBXBuildFile; fileRef = 7F2BA13827CDBE95008FFEDF /* SectionHeader.swift */; };
		7F2BA13A27CDBE95008FFEDF /* SectionHeader.swift in Sources */ = {isa = PBXBuildFile; fileRef = 7F2BA13827CDBE95008FFEDF /* SectionHeader.swift */; };
		7F2BA13C27CDC292008FFEDF /* IPFSGateway.swift in Sources */ = {isa = PBXBuildFile; fileRef = 7F2BA13B27CDC292008FFEDF /* IPFSGateway.swift */; };
		7F2BA13D27CDC292008FFEDF /* IPFSGateway.swift in Sources */ = {isa = PBXBuildFile; fileRef = 7F2BA13B27CDC292008FFEDF /* IPFSGateway.swift */; };
		7F3AEF3327D1BD7C003641CB /* IPFSJSCore.swift in Sources */ = {isa = PBXBuildFile; fileRef = 7F3AEF3227D1BD7C003641CB /* IPFSJSCore.swift */; };
		7F3AEF3427D1BD7C003641CB /* IPFSJSCore.swift in Sources */ = {isa = PBXBuildFile; fileRef = 7F3AEF3227D1BD7C003641CB /* IPFSJSCore.swift */; };
		7F3AEF3627D2CEC5003641CB /* IPFSExternalCore.swift in Sources */ = {isa = PBXBuildFile; fileRef = 7F3AEF3527D2CEC5003641CB /* IPFSExternalCore.swift */; };
		7F3AEF3727D2CEC5003641CB /* IPFSExternalCore.swift in Sources */ = {isa = PBXBuildFile; fileRef = 7F3AEF3527D2CEC5003641CB /* IPFSExternalCore.swift */; };
		7F3AEF3A27D83CC3003641CB /* CrateAuthentication.swift in Sources */ = {isa = PBXBuildFile; fileRef = 7F3AEF3927D83CC3003641CB /* CrateAuthentication.swift */; };
		7F3AEF3B27D83CC3003641CB /* CrateAuthentication.swift in Sources */ = {isa = PBXBuildFile; fileRef = 7F3AEF3927D83CC3003641CB /* CrateAuthentication.swift */; };
		7F3AEF5427D8E9C1003641CB /* Authenticate.swift in Sources */ = {isa = PBXBuildFile; fileRef = 7F3AEF5327D8E9C1003641CB /* Authenticate.swift */; };
		7F3AEF5B27D8EBC0003641CB /* iAWriterQuattroS-Italic.ttf in Resources */ = {isa = PBXBuildFile; fileRef = 7F3AEF5727D8EBC0003641CB /* iAWriterQuattroS-Italic.ttf */; };
		7F3AEF5C27D8EBC0003641CB /* iAWriterQuattroS-Italic.ttf in Resources */ = {isa = PBXBuildFile; fileRef = 7F3AEF5727D8EBC0003641CB /* iAWriterQuattroS-Italic.ttf */; };
		7F3AEF5D27D8EBC0003641CB /* iAWriterQuattroS-BoldItalic.ttf in Resources */ = {isa = PBXBuildFile; fileRef = 7F3AEF5827D8EBC0003641CB /* iAWriterQuattroS-BoldItalic.ttf */; };
		7F3AEF5E27D8EBC0003641CB /* iAWriterQuattroS-BoldItalic.ttf in Resources */ = {isa = PBXBuildFile; fileRef = 7F3AEF5827D8EBC0003641CB /* iAWriterQuattroS-BoldItalic.ttf */; };
		7F3AEF5F27D8EBC0003641CB /* iAWriterQuattroS-Regular.ttf in Resources */ = {isa = PBXBuildFile; fileRef = 7F3AEF5927D8EBC0003641CB /* iAWriterQuattroS-Regular.ttf */; };
		7F3AEF6027D8EBC0003641CB /* iAWriterQuattroS-Regular.ttf in Resources */ = {isa = PBXBuildFile; fileRef = 7F3AEF5927D8EBC0003641CB /* iAWriterQuattroS-Regular.ttf */; };
		7F3AEF6127D8EBC0003641CB /* iAWriterQuattroS-Bold.ttf in Resources */ = {isa = PBXBuildFile; fileRef = 7F3AEF5A27D8EBC0003641CB /* iAWriterQuattroS-Bold.ttf */; };
		7F3AEF6227D8EBC0003641CB /* iAWriterQuattroS-Bold.ttf in Resources */ = {isa = PBXBuildFile; fileRef = 7F3AEF5A27D8EBC0003641CB /* iAWriterQuattroS-Bold.ttf */; };
		7F3AEF6727D908FC003641CB /* GoogleService-Info.plist in Resources */ = {isa = PBXBuildFile; fileRef = 7F3AEF6627D908FC003641CB /* GoogleService-Info.plist */; };
		7F3AEF6827D908FC003641CB /* GoogleService-Info.plist in Resources */ = {isa = PBXBuildFile; fileRef = 7F3AEF6627D908FC003641CB /* GoogleService-Info.plist */; };
		7F40088127DE9C3F0031002E /* FirebaseAnalytics in Frameworks */ = {isa = PBXBuildFile; productRef = 7F40088027DE9C3F0031002E /* FirebaseAnalytics */; };
		7F40088727DE9C3F0031002E /* FirebaseAuth in Frameworks */ = {isa = PBXBuildFile; productRef = 7F40088627DE9C3F0031002E /* FirebaseAuth */; };
		7F40088F27DE9C3F0031002E /* FirebaseDynamicLinks in Frameworks */ = {isa = PBXBuildFile; productRef = 7F40088E27DE9C3F0031002E /* FirebaseDynamicLinks */; };
		7F40089127DE9C3F0031002E /* FirebaseFirestore in Frameworks */ = {isa = PBXBuildFile; productRef = 7F40089027DE9C3F0031002E /* FirebaseFirestore */; };
		7F40089727DE9C3F0031002E /* FirebasePerformance in Frameworks */ = {isa = PBXBuildFile; productRef = 7F40089627DE9C3F0031002E /* FirebasePerformance */; };
		7F4008D127DE9D1A0031002E /* FirebaseAnalytics in Frameworks */ = {isa = PBXBuildFile; productRef = 7F4008D027DE9D1A0031002E /* FirebaseAnalytics */; };
		7F4008D327DE9D1A0031002E /* FirebaseAuth in Frameworks */ = {isa = PBXBuildFile; productRef = 7F4008D227DE9D1A0031002E /* FirebaseAuth */; };
		7F4008D527DE9D1A0031002E /* FirebaseDynamicLinks in Frameworks */ = {isa = PBXBuildFile; productRef = 7F4008D427DE9D1A0031002E /* FirebaseDynamicLinks */; };
		7F4008D727DE9D1A0031002E /* FirebaseFirestore in Frameworks */ = {isa = PBXBuildFile; productRef = 7F4008D627DE9D1A0031002E /* FirebaseFirestore */; };
		7F4008D927DE9D450031002E /* FirebasePerformance in Frameworks */ = {isa = PBXBuildFile; productRef = 7F4008D827DE9D450031002E /* FirebasePerformance */; };
		7F4008DC27DEB6B30031002E /* FirebaseConstants.swift in Sources */ = {isa = PBXBuildFile; fileRef = 7F4008DB27DEB6B30031002E /* FirebaseConstants.swift */; };
		7F4008DD27DEB8380031002E /* FirebaseConstants.swift in Sources */ = {isa = PBXBuildFile; fileRef = 7F4008DB27DEB6B30031002E /* FirebaseConstants.swift */; };
		7F4008DE27DEBCD90031002E /* CrateApp.swift in Sources */ = {isa = PBXBuildFile; fileRef = 7F2BA11327CC8DC6008FFEDF /* CrateApp.swift */; };
		7F41351F27DE8BCF003DE25E /* ASAccount.swift in Sources */ = {isa = PBXBuildFile; fileRef = 7F41351E27DE8BCF003DE25E /* ASAccount.swift */; };
		7F41352027DE8BCF003DE25E /* ASAccount.swift in Sources */ = {isa = PBXBuildFile; fileRef = 7F41351E27DE8BCF003DE25E /* ASAccount.swift */; };
		7F41352227DE8CA2003DE25E /* Crypto.swift in Sources */ = {isa = PBXBuildFile; fileRef = 7F41352127DE8CA2003DE25E /* Crypto.swift */; };
		7F41352327DE8CA2003DE25E /* Crypto.swift in Sources */ = {isa = PBXBuildFile; fileRef = 7F41352127DE8CA2003DE25E /* Crypto.swift */; };
		7F41352527DE8DC0003DE25E /* CrateUser.swift in Sources */ = {isa = PBXBuildFile; fileRef = 7F41352427DE8DC0003DE25E /* CrateUser.swift */; };
		7F41352627DE8DC0003DE25E /* CrateUser.swift in Sources */ = {isa = PBXBuildFile; fileRef = 7F41352427DE8DC0003DE25E /* CrateUser.swift */; };
		7F48BB9327D961DF0099DE2D /* NetworkExtension.framework in Frameworks */ = {isa = PBXBuildFile; fileRef = 7F48BB9227D961DF0099DE2D /* NetworkExtension.framework */; };
		7F48BB9527D961E40099DE2D /* StoreKit.framework in Frameworks */ = {isa = PBXBuildFile; fileRef = 7F48BB9427D961E40099DE2D /* StoreKit.framework */; };
		7F48BB9D27D9CA5F0099DE2D /* Random.swift in Sources */ = {isa = PBXBuildFile; fileRef = 7F48BB9C27D9CA5F0099DE2D /* Random.swift */; };
		7F48BB9E27D9CA5F0099DE2D /* Random.swift in Sources */ = {isa = PBXBuildFile; fileRef = 7F48BB9C27D9CA5F0099DE2D /* Random.swift */; };
		7F48BBA027D9CA790099DE2D /* SHA256.swift in Sources */ = {isa = PBXBuildFile; fileRef = 7F48BB9F27D9CA790099DE2D /* SHA256.swift */; };
		7F48BBA127D9CA790099DE2D /* SHA256.swift in Sources */ = {isa = PBXBuildFile; fileRef = 7F48BB9F27D9CA790099DE2D /* SHA256.swift */; };
		7F4EC32427DD8A140082B254 /* ContentView.swift in Sources */ = {isa = PBXBuildFile; fileRef = 7F4EC32327DD8A140082B254 /* ContentView.swift */; };
		7F4EC32727DD8E760082B254 /* Authenticate.swift in Sources */ = {isa = PBXBuildFile; fileRef = 7F3AEF5327D8E9C1003641CB /* Authenticate.swift */; };
		7F521DC127CF1E50001D8A35 /* ContentView.swift in Sources */ = {isa = PBXBuildFile; fileRef = 7F2BA11927CC9CD7008FFEDF /* ContentView.swift */; };
		7F521DC227CF2612001D8A35 /* HomeView.swift in Sources */ = {isa = PBXBuildFile; fileRef = 7F2BA11B27CC9DB1008FFEDF /* HomeView.swift */; };
		7F521DC427CF2BA8001D8A35 /* BrowseView.swift in Sources */ = {isa = PBXBuildFile; fileRef = 7F521DC327CF2BA8001D8A35 /* BrowseView.swift */; };
		7F521DC527CF2BA8001D8A35 /* BrowseView.swift in Sources */ = {isa = PBXBuildFile; fileRef = 7F521DC327CF2BA8001D8A35 /* BrowseView.swift */; };
		7F976D0A27D07EDA0020506A /* ipfs-core.js in Resources */ = {isa = PBXBuildFile; fileRef = 7F976D0927D07EDA0020506A /* ipfs-core.js */; };
		7F976D0B27D07EDA0020506A /* ipfs-core.js in Resources */ = {isa = PBXBuildFile; fileRef = 7F976D0927D07EDA0020506A /* ipfs-core.js */; };
		7FACED8C27CBF19F0076A05F /* IPFSIndicator.swift in Sources */ = {isa = PBXBuildFile; fileRef = 7FACED8B27CBF19F0076A05F /* IPFSIndicator.swift */; };
		7FACED8D27CBF19F0076A05F /* IPFSIndicator.swift in Sources */ = {isa = PBXBuildFile; fileRef = 7FACED8B27CBF19F0076A05F /* IPFSIndicator.swift */; };
		7FACED9B27CC3CB80076A05F /* SettingsView.swift in Sources */ = {isa = PBXBuildFile; fileRef = 7FACED9A27CC3CB30076A05F /* SettingsView.swift */; };
		7FACED9D27CC45CB0076A05F /* SyncSettingsView.swift in Sources */ = {isa = PBXBuildFile; fileRef = 7FACED9C27CC45CB0076A05F /* SyncSettingsView.swift */; };
		7FACED9E27CC45CB0076A05F /* SyncSettingsView.swift in Sources */ = {isa = PBXBuildFile; fileRef = 7FACED9C27CC45CB0076A05F /* SyncSettingsView.swift */; };
		7FACEDA027CC45DB0076A05F /* StorageSettingsView.swift in Sources */ = {isa = PBXBuildFile; fileRef = 7FACED9F27CC45DB0076A05F /* StorageSettingsView.swift */; };
		7FACEDA127CC45DB0076A05F /* StorageSettingsView.swift in Sources */ = {isa = PBXBuildFile; fileRef = 7FACED9F27CC45DB0076A05F /* StorageSettingsView.swift */; };
		7FACEDA327CC45EC0076A05F /* NetworkSettingsView.swift in Sources */ = {isa = PBXBuildFile; fileRef = 7FACEDA227CC45EC0076A05F /* NetworkSettingsView.swift */; };
		7FACEDA427CC45EC0076A05F /* NetworkSettingsView.swift in Sources */ = {isa = PBXBuildFile; fileRef = 7FACEDA227CC45EC0076A05F /* NetworkSettingsView.swift */; };
		7FB3FB9F27C5E061003E2F02 /* IPFSCore.swift in Sources */ = {isa = PBXBuildFile; fileRef = 7FB3FB9E27C5E061003E2F02 /* IPFSCore.swift */; };
		7FB3FBA027C5E061003E2F02 /* IPFSCore.swift in Sources */ = {isa = PBXBuildFile; fileRef = 7FB3FB9E27C5E061003E2F02 /* IPFSCore.swift */; };
		7FB3FBB027C5E7C3003E2F02 /* CrateFinderRegistration.swift in Sources */ = {isa = PBXBuildFile; fileRef = 7F0FA16027C4185400C603F5 /* CrateFinderRegistration.swift */; };
		7FB3FBB527C5FAD0003E2F02 /* AccountSettingsView.swift in Sources */ = {isa = PBXBuildFile; fileRef = 7FB3FBB427C5FAD0003E2F02 /* AccountSettingsView.swift */; };
		7FB3FBB627C5FAD0003E2F02 /* AccountSettingsView.swift in Sources */ = {isa = PBXBuildFile; fileRef = 7FB3FBB427C5FAD0003E2F02 /* AccountSettingsView.swift */; };
		7FB8AC6D27DEE55A0004AF9B /* FirebaseFirestoreCombine-Community in Frameworks */ = {isa = PBXBuildFile; productRef = 7FB8AC6C27DEE55A0004AF9B /* FirebaseFirestoreCombine-Community */; };
		7FB8AC6F27DEE55A0004AF9B /* FirebaseFirestoreSwift-Beta in Frameworks */ = {isa = PBXBuildFile; productRef = 7FB8AC6E27DEE55A0004AF9B /* FirebaseFirestoreSwift-Beta */; };
		7FB8AC7127DEE5DC0004AF9B /* FirebaseFirestoreCombine-Community in Frameworks */ = {isa = PBXBuildFile; productRef = 7FB8AC7027DEE5DC0004AF9B /* FirebaseFirestoreCombine-Community */; };
		7FB8AC7327DEE5DC0004AF9B /* FirebaseFirestoreSwift-Beta in Frameworks */ = {isa = PBXBuildFile; productRef = 7FB8AC7227DEE5DC0004AF9B /* FirebaseFirestoreSwift-Beta */; };
		7FEB711327CBEEA200177AC6 /* SettingsView.swift in Sources */ = {isa = PBXBuildFile; fileRef = 7FB3FBB127C5FAB6003E2F02 /* SettingsView.swift */; };
		7FF954B127D0403B0095EE6A /* Color.swift in Sources */ = {isa = PBXBuildFile; fileRef = 7FF954B027D0403B0095EE6A /* Color.swift */; };
		7FF954B227D0403B0095EE6A /* Color.swift in Sources */ = {isa = PBXBuildFile; fileRef = 7FF954B027D0403B0095EE6A /* Color.swift */; };
		83765CB72676ADC400318CDB /* Tests_iOS.swift in Sources */ = {isa = PBXBuildFile; fileRef = 83765CB62676ADC400318CDB /* Tests_iOS.swift */; };
		83765CC12676ADC400318CDB /* Tests_macOS.swift in Sources */ = {isa = PBXBuildFile; fileRef = 83765CC02676ADC400318CDB /* Tests_macOS.swift */; };
		83765CC62676ADC400318CDB /* Assets.xcassets in Resources */ = {isa = PBXBuildFile; fileRef = 83765CA22676ADC300318CDB /* Assets.xcassets */; };
		83765CC72676ADC400318CDB /* Assets.xcassets in Resources */ = {isa = PBXBuildFile; fileRef = 83765CA22676ADC300318CDB /* Assets.xcassets */; };
/* End PBXBuildFile section */

/* Begin PBXContainerItemProxy section */
		7F0FA12A27C4167F00C603F5 /* PBXContainerItemProxy */ = {
			isa = PBXContainerItemProxy;
			containerPortal = 83765C9B2676ADC100318CDB /* Project object */;
			proxyType = 1;
			remoteGlobalIDString = 7F0FA12127C4167F00C603F5;
			remoteInfo = CrateFilesAppProviderUI;
		};
		7F0FA12D27C4167F00C603F5 /* PBXContainerItemProxy */ = {
			isa = PBXContainerItemProxy;
			containerPortal = 83765C9B2676ADC100318CDB /* Project object */;
			proxyType = 1;
			remoteGlobalIDString = 7F0FA11027C4167E00C603F5;
			remoteInfo = CrateFilesAppProvider;
		};
		7F0FA14E27C417AF00C603F5 /* PBXContainerItemProxy */ = {
			isa = PBXContainerItemProxy;
			containerPortal = 83765C9B2676ADC100318CDB /* Project object */;
			proxyType = 1;
			remoteGlobalIDString = 7F0FA14227C417AF00C603F5;
			remoteInfo = CrateFinderProvider;
		};
		83765CB32676ADC400318CDB /* PBXContainerItemProxy */ = {
			isa = PBXContainerItemProxy;
			containerPortal = 83765C9B2676ADC100318CDB /* Project object */;
			proxyType = 1;
			remoteGlobalIDString = 83765CA62676ADC300318CDB;
			remoteInfo = "Crate (iOS)";
		};
		83765CBD2676ADC400318CDB /* PBXContainerItemProxy */ = {
			isa = PBXContainerItemProxy;
			containerPortal = 83765C9B2676ADC100318CDB /* Project object */;
			proxyType = 1;
			remoteGlobalIDString = 83765CAC2676ADC400318CDB;
			remoteInfo = "Crate (macOS)";
		};
/* End PBXContainerItemProxy section */

/* Begin PBXCopyFilesBuildPhase section */
		7F0FA13027C4167F00C603F5 /* Embed App Extensions */ = {
			isa = PBXCopyFilesBuildPhase;
			buildActionMask = 2147483647;
			dstPath = "";
			dstSubfolderSpec = 13;
			files = (
				7F0FA12C27C4167F00C603F5 /* CrateFilesAppProviderUI.appex in Embed App Extensions */,
				7F0FA12F27C4167F00C603F5 /* CrateFilesAppProvider.appex in Embed App Extensions */,
			);
			name = "Embed App Extensions";
			runOnlyForDeploymentPostprocessing = 0;
		};
		7F0FA15427C417AF00C603F5 /* Embed App Extensions */ = {
			isa = PBXCopyFilesBuildPhase;
			buildActionMask = 2147483647;
			dstPath = "";
			dstSubfolderSpec = 13;
			files = (
				7F0FA15027C417AF00C603F5 /* CrateFinderProvider.appex in Embed App Extensions */,
			);
			name = "Embed App Extensions";
			runOnlyForDeploymentPostprocessing = 0;
		};
/* End PBXCopyFilesBuildPhase section */

/* Begin PBXFileReference section */
		7F0FA11127C4167E00C603F5 /* CrateFilesAppProvider.appex */ = {isa = PBXFileReference; explicitFileType = "wrapper.app-extension"; includeInIndex = 0; path = CrateFilesAppProvider.appex; sourceTree = BUILT_PRODUCTS_DIR; };
		7F0FA11627C4167F00C603F5 /* FileProviderExtension.swift */ = {isa = PBXFileReference; lastKnownFileType = sourcecode.swift; path = FileProviderExtension.swift; sourceTree = "<group>"; };
		7F0FA11827C4167F00C603F5 /* FileProviderItem.swift */ = {isa = PBXFileReference; lastKnownFileType = sourcecode.swift; path = FileProviderItem.swift; sourceTree = "<group>"; };
		7F0FA11A27C4167F00C603F5 /* FileProviderEnumerator.swift */ = {isa = PBXFileReference; lastKnownFileType = sourcecode.swift; path = FileProviderEnumerator.swift; sourceTree = "<group>"; };
		7F0FA11C27C4167F00C603F5 /* Info.plist */ = {isa = PBXFileReference; lastKnownFileType = text.plist.xml; path = Info.plist; sourceTree = "<group>"; };
		7F0FA11D27C4167F00C603F5 /* CrateFilesAppProvider.entitlements */ = {isa = PBXFileReference; lastKnownFileType = text.plist.entitlements; path = CrateFilesAppProvider.entitlements; sourceTree = "<group>"; };
		7F0FA12227C4167F00C603F5 /* CrateFilesAppProviderUI.appex */ = {isa = PBXFileReference; explicitFileType = "wrapper.app-extension"; includeInIndex = 0; path = CrateFilesAppProviderUI.appex; sourceTree = BUILT_PRODUCTS_DIR; };
		7F0FA12427C4167F00C603F5 /* DocumentActionViewController.swift */ = {isa = PBXFileReference; lastKnownFileType = sourcecode.swift; path = DocumentActionViewController.swift; sourceTree = "<group>"; };
		7F0FA12727C4167F00C603F5 /* Base */ = {isa = PBXFileReference; lastKnownFileType = file.storyboard; name = Base; path = Base.lproj/MainInterface.storyboard; sourceTree = "<group>"; };
		7F0FA12927C4167F00C603F5 /* Info.plist */ = {isa = PBXFileReference; lastKnownFileType = text.plist.xml; path = Info.plist; sourceTree = "<group>"; };
		7F0FA14327C417AF00C603F5 /* CrateFinderProvider.appex */ = {isa = PBXFileReference; explicitFileType = "wrapper.app-extension"; includeInIndex = 0; path = CrateFinderProvider.appex; sourceTree = BUILT_PRODUCTS_DIR; };
		7F0FA14627C417AF00C603F5 /* FileProviderExtension.swift */ = {isa = PBXFileReference; lastKnownFileType = sourcecode.swift; path = FileProviderExtension.swift; sourceTree = "<group>"; };
		7F0FA14827C417AF00C603F5 /* FileProviderItem.swift */ = {isa = PBXFileReference; lastKnownFileType = sourcecode.swift; path = FileProviderItem.swift; sourceTree = "<group>"; };
		7F0FA14A27C417AF00C603F5 /* FileProviderEnumerator.swift */ = {isa = PBXFileReference; lastKnownFileType = sourcecode.swift; path = FileProviderEnumerator.swift; sourceTree = "<group>"; };
		7F0FA14C27C417AF00C603F5 /* Info.plist */ = {isa = PBXFileReference; lastKnownFileType = text.plist.xml; path = Info.plist; sourceTree = "<group>"; };
		7F0FA14D27C417AF00C603F5 /* CrateFinderProvider.entitlements */ = {isa = PBXFileReference; lastKnownFileType = text.plist.entitlements; path = CrateFinderProvider.entitlements; sourceTree = "<group>"; };
		7F0FA16027C4185400C603F5 /* CrateFinderRegistration.swift */ = {isa = PBXFileReference; fileEncoding = 4; lastKnownFileType = sourcecode.swift; path = CrateFinderRegistration.swift; sourceTree = "<group>"; };
		7F0FA16127C4185400C603F5 /* Sidebar.swift */ = {isa = PBXFileReference; fileEncoding = 4; lastKnownFileType = sourcecode.swift; path = Sidebar.swift; sourceTree = "<group>"; };
		7F26DEF227C5900100826420 /* UniformTypeIdentifiers.framework */ = {isa = PBXFileReference; lastKnownFileType = wrapper.framework; name = UniformTypeIdentifiers.framework; path = System/Library/Frameworks/UniformTypeIdentifiers.framework; sourceTree = SDKROOT; };
		7F2974B827C5C33F00A3602D /* FilesView.swift */ = {isa = PBXFileReference; lastKnownFileType = sourcecode.swift; path = FilesView.swift; sourceTree = "<group>"; };
		7F2974BB27C5D1E100A3602D /* StatusView.swift */ = {isa = PBXFileReference; lastKnownFileType = sourcecode.swift; path = StatusView.swift; sourceTree = "<group>"; };
		7F2974BD27C5D22A00A3602D /* FilesIndicator.swift */ = {isa = PBXFileReference; lastKnownFileType = sourcecode.swift; path = FilesIndicator.swift; sourceTree = "<group>"; };
		7F2BA10E27CC8728008FFEDF /* TabBar.swift */ = {isa = PBXFileReference; lastKnownFileType = sourcecode.swift; path = TabBar.swift; sourceTree = "<group>"; };
		7F2BA11327CC8DC6008FFEDF /* CrateApp.swift */ = {isa = PBXFileReference; lastKnownFileType = sourcecode.swift; path = CrateApp.swift; sourceTree = "<group>"; };
		7F2BA11927CC9CD7008FFEDF /* ContentView.swift */ = {isa = PBXFileReference; lastKnownFileType = sourcecode.swift; path = ContentView.swift; sourceTree = "<group>"; };
		7F2BA11B27CC9DB1008FFEDF /* HomeView.swift */ = {isa = PBXFileReference; lastKnownFileType = sourcecode.swift; path = HomeView.swift; sourceTree = "<group>"; };
		7F2BA12427CDAB80008FFEDF /* IPFSTypes.swift */ = {isa = PBXFileReference; lastKnownFileType = sourcecode.swift; path = IPFSTypes.swift; sourceTree = "<group>"; };
		7F2BA12B27CDB974008FFEDF /* FilesGrid.swift */ = {isa = PBXFileReference; lastKnownFileType = sourcecode.swift; path = FilesGrid.swift; sourceTree = "<group>"; };
		7F2BA12E27CDB97E008FFEDF /* FilesList.swift */ = {isa = PBXFileReference; lastKnownFileType = sourcecode.swift; path = FilesList.swift; sourceTree = "<group>"; };
		7F2BA13127CDB986008FFEDF /* FilesColumn.swift */ = {isa = PBXFileReference; lastKnownFileType = sourcecode.swift; path = FilesColumn.swift; sourceTree = "<group>"; };
		7F2BA13527CDB9D7008FFEDF /* FileStore.swift */ = {isa = PBXFileReference; lastKnownFileType = sourcecode.swift; path = FileStore.swift; sourceTree = "<group>"; };
		7F2BA13827CDBE95008FFEDF /* SectionHeader.swift */ = {isa = PBXFileReference; lastKnownFileType = sourcecode.swift; path = SectionHeader.swift; sourceTree = "<group>"; };
		7F2BA13B27CDC292008FFEDF /* IPFSGateway.swift */ = {isa = PBXFileReference; lastKnownFileType = sourcecode.swift; path = IPFSGateway.swift; sourceTree = "<group>"; };
		7F3AEF3227D1BD7C003641CB /* IPFSJSCore.swift */ = {isa = PBXFileReference; lastKnownFileType = sourcecode.swift; path = IPFSJSCore.swift; sourceTree = "<group>"; };
		7F3AEF3527D2CEC5003641CB /* IPFSExternalCore.swift */ = {isa = PBXFileReference; lastKnownFileType = sourcecode.swift; path = IPFSExternalCore.swift; sourceTree = "<group>"; };
		7F3AEF3927D83CC3003641CB /* CrateAuthentication.swift */ = {isa = PBXFileReference; lastKnownFileType = sourcecode.swift; path = CrateAuthentication.swift; sourceTree = "<group>"; };
		7F3AEF5327D8E9C1003641CB /* Authenticate.swift */ = {isa = PBXFileReference; lastKnownFileType = sourcecode.swift; path = Authenticate.swift; sourceTree = "<group>"; };
		7F3AEF5727D8EBC0003641CB /* iAWriterQuattroS-Italic.ttf */ = {isa = PBXFileReference; lastKnownFileType = file; path = "iAWriterQuattroS-Italic.ttf"; sourceTree = "<group>"; };
		7F3AEF5827D8EBC0003641CB /* iAWriterQuattroS-BoldItalic.ttf */ = {isa = PBXFileReference; lastKnownFileType = file; path = "iAWriterQuattroS-BoldItalic.ttf"; sourceTree = "<group>"; };
		7F3AEF5927D8EBC0003641CB /* iAWriterQuattroS-Regular.ttf */ = {isa = PBXFileReference; lastKnownFileType = file; path = "iAWriterQuattroS-Regular.ttf"; sourceTree = "<group>"; };
		7F3AEF5A27D8EBC0003641CB /* iAWriterQuattroS-Bold.ttf */ = {isa = PBXFileReference; lastKnownFileType = file; path = "iAWriterQuattroS-Bold.ttf"; sourceTree = "<group>"; };
		7F3AEF6327D8EC6A003641CB /* Crate--iOS--Info.plist */ = {isa = PBXFileReference; lastKnownFileType = text.plist; path = "Crate--iOS--Info.plist"; sourceTree = "<group>"; };
		7F3AEF6627D908FC003641CB /* GoogleService-Info.plist */ = {isa = PBXFileReference; fileEncoding = 4; lastKnownFileType = text.plist.xml; path = "GoogleService-Info.plist"; sourceTree = "<group>"; };
		7F4008DB27DEB6B30031002E /* FirebaseConstants.swift */ = {isa = PBXFileReference; lastKnownFileType = sourcecode.swift; path = FirebaseConstants.swift; sourceTree = "<group>"; };
		7F41351E27DE8BCF003DE25E /* ASAccount.swift */ = {isa = PBXFileReference; lastKnownFileType = sourcecode.swift; path = ASAccount.swift; sourceTree = "<group>"; };
		7F41352127DE8CA2003DE25E /* Crypto.swift */ = {isa = PBXFileReference; lastKnownFileType = sourcecode.swift; path = Crypto.swift; sourceTree = "<group>"; };
		7F41352427DE8DC0003DE25E /* CrateUser.swift */ = {isa = PBXFileReference; lastKnownFileType = sourcecode.swift; path = CrateUser.swift; sourceTree = "<group>"; };
		7F48BB9227D961DF0099DE2D /* NetworkExtension.framework */ = {isa = PBXFileReference; lastKnownFileType = wrapper.framework; name = NetworkExtension.framework; path = Platforms/iPhoneOS.platform/Developer/SDKs/iPhoneOS15.2.sdk/System/Library/Frameworks/NetworkExtension.framework; sourceTree = DEVELOPER_DIR; };
		7F48BB9427D961E40099DE2D /* StoreKit.framework */ = {isa = PBXFileReference; lastKnownFileType = wrapper.framework; name = StoreKit.framework; path = Platforms/iPhoneOS.platform/Developer/SDKs/iPhoneOS15.2.sdk/System/Library/Frameworks/StoreKit.framework; sourceTree = DEVELOPER_DIR; };
		7F48BB9C27D9CA5F0099DE2D /* Random.swift */ = {isa = PBXFileReference; lastKnownFileType = sourcecode.swift; path = Random.swift; sourceTree = "<group>"; };
		7F48BB9F27D9CA790099DE2D /* SHA256.swift */ = {isa = PBXFileReference; lastKnownFileType = sourcecode.swift; path = SHA256.swift; sourceTree = "<group>"; };
		7F4EC32327DD8A140082B254 /* ContentView.swift */ = {isa = PBXFileReference; lastKnownFileType = sourcecode.swift; path = ContentView.swift; sourceTree = "<group>"; };
		7F521DC327CF2BA8001D8A35 /* BrowseView.swift */ = {isa = PBXFileReference; lastKnownFileType = sourcecode.swift; path = BrowseView.swift; sourceTree = "<group>"; };
		7F521DC727CF32CF001D8A35 /* Crate (macOS).entitlements */ = {isa = PBXFileReference; lastKnownFileType = text.plist.entitlements; path = "Crate (macOS).entitlements"; sourceTree = "<group>"; };
		7F976D0927D07EDA0020506A /* ipfs-core.js */ = {isa = PBXFileReference; fileEncoding = 4; lastKnownFileType = sourcecode.javascript; path = "ipfs-core.js"; sourceTree = "<group>"; };
		7FACED8B27CBF19F0076A05F /* IPFSIndicator.swift */ = {isa = PBXFileReference; lastKnownFileType = sourcecode.swift; path = IPFSIndicator.swift; sourceTree = "<group>"; };
		7FACED9A27CC3CB30076A05F /* SettingsView.swift */ = {isa = PBXFileReference; lastKnownFileType = sourcecode.swift; path = SettingsView.swift; sourceTree = "<group>"; };
		7FACED9C27CC45CB0076A05F /* SyncSettingsView.swift */ = {isa = PBXFileReference; lastKnownFileType = sourcecode.swift; name = SyncSettingsView.swift; path = Shared/Views/Settings/SyncSettingsView.swift; sourceTree = SOURCE_ROOT; };
		7FACED9F27CC45DB0076A05F /* StorageSettingsView.swift */ = {isa = PBXFileReference; lastKnownFileType = sourcecode.swift; name = StorageSettingsView.swift; path = Shared/Views/Settings/StorageSettingsView.swift; sourceTree = SOURCE_ROOT; };
		7FACEDA227CC45EC0076A05F /* NetworkSettingsView.swift */ = {isa = PBXFileReference; lastKnownFileType = sourcecode.swift; name = NetworkSettingsView.swift; path = Shared/Views/Settings/NetworkSettingsView.swift; sourceTree = SOURCE_ROOT; };
		7FB3FB9E27C5E061003E2F02 /* IPFSCore.swift */ = {isa = PBXFileReference; lastKnownFileType = sourcecode.swift; path = IPFSCore.swift; sourceTree = "<group>"; };
		7FB3FBB127C5FAB6003E2F02 /* SettingsView.swift */ = {isa = PBXFileReference; lastKnownFileType = sourcecode.swift; path = SettingsView.swift; sourceTree = "<group>"; };
		7FB3FBB427C5FAD0003E2F02 /* AccountSettingsView.swift */ = {isa = PBXFileReference; lastKnownFileType = sourcecode.swift; path = AccountSettingsView.swift; sourceTree = "<group>"; };
		7FF954B027D0403B0095EE6A /* Color.swift */ = {isa = PBXFileReference; lastKnownFileType = sourcecode.swift; path = Color.swift; sourceTree = "<group>"; };
		83765CA22676ADC300318CDB /* Assets.xcassets */ = {isa = PBXFileReference; lastKnownFileType = folder.assetcatalog; path = Assets.xcassets; sourceTree = "<group>"; };
		83765CA72676ADC300318CDB /* Crate.app */ = {isa = PBXFileReference; explicitFileType = wrapper.application; includeInIndex = 0; path = Crate.app; sourceTree = BUILT_PRODUCTS_DIR; };
		83765CAD2676ADC400318CDB /* Crate.app */ = {isa = PBXFileReference; explicitFileType = wrapper.application; includeInIndex = 0; path = Crate.app; sourceTree = BUILT_PRODUCTS_DIR; };
		83765CB22676ADC400318CDB /* Tests iOS.xctest */ = {isa = PBXFileReference; explicitFileType = wrapper.cfbundle; includeInIndex = 0; path = "Tests iOS.xctest"; sourceTree = BUILT_PRODUCTS_DIR; };
		83765CB62676ADC400318CDB /* Tests_iOS.swift */ = {isa = PBXFileReference; lastKnownFileType = sourcecode.swift; path = Tests_iOS.swift; sourceTree = "<group>"; };
		83765CBC2676ADC400318CDB /* Tests macOS.xctest */ = {isa = PBXFileReference; explicitFileType = wrapper.cfbundle; includeInIndex = 0; path = "Tests macOS.xctest"; sourceTree = BUILT_PRODUCTS_DIR; };
		83765CC02676ADC400318CDB /* Tests_macOS.swift */ = {isa = PBXFileReference; lastKnownFileType = sourcecode.swift; path = Tests_macOS.swift; sourceTree = "<group>"; };
		83765CD62676ADD900318CDB /* Crate.entitlements */ = {isa = PBXFileReference; lastKnownFileType = text.plist.entitlements; path = Crate.entitlements; sourceTree = "<group>"; };
/* End PBXFileReference section */

/* Begin PBXFrameworksBuildPhase section */
		7F0FA10E27C4167E00C603F5 /* Frameworks */ = {
			isa = PBXFrameworksBuildPhase;
			buildActionMask = 2147483647;
			files = (
			);
			runOnlyForDeploymentPostprocessing = 0;
		};
		7F0FA11F27C4167F00C603F5 /* Frameworks */ = {
			isa = PBXFrameworksBuildPhase;
			buildActionMask = 2147483647;
			files = (
			);
			runOnlyForDeploymentPostprocessing = 0;
		};
		7F0FA14027C417AF00C603F5 /* Frameworks */ = {
			isa = PBXFrameworksBuildPhase;
			buildActionMask = 2147483647;
			files = (
			);
			runOnlyForDeploymentPostprocessing = 0;
		};
		83765CA42676ADC300318CDB /* Frameworks */ = {
			isa = PBXFrameworksBuildPhase;
			buildActionMask = 2147483647;
			files = (
				7F48BB9527D961E40099DE2D /* StoreKit.framework in Frameworks */,
				7FB8AC7127DEE5DC0004AF9B /* FirebaseFirestoreCombine-Community in Frameworks */,
				7F48BB9327D961DF0099DE2D /* NetworkExtension.framework in Frameworks */,
				7F40089727DE9C3F0031002E /* FirebasePerformance in Frameworks */,
				7F40088727DE9C3F0031002E /* FirebaseAuth in Frameworks */,
				7F40088127DE9C3F0031002E /* FirebaseAnalytics in Frameworks */,
				7FB8AC7327DEE5DC0004AF9B /* FirebaseFirestoreSwift-Beta in Frameworks */,
				7F40089127DE9C3F0031002E /* FirebaseFirestore in Frameworks */,
				7F40088F27DE9C3F0031002E /* FirebaseDynamicLinks in Frameworks */,
			);
			runOnlyForDeploymentPostprocessing = 0;
		};
		83765CAA2676ADC400318CDB /* Frameworks */ = {
			isa = PBXFrameworksBuildPhase;
			buildActionMask = 2147483647;
			files = (
				7F4008D127DE9D1A0031002E /* FirebaseAnalytics in Frameworks */,
				7F4008D727DE9D1A0031002E /* FirebaseFirestore in Frameworks */,
				7FB8AC6F27DEE55A0004AF9B /* FirebaseFirestoreSwift-Beta in Frameworks */,
				7F4008D927DE9D450031002E /* FirebasePerformance in Frameworks */,
				7FB8AC6D27DEE55A0004AF9B /* FirebaseFirestoreCombine-Community in Frameworks */,
				7F4008D327DE9D1A0031002E /* FirebaseAuth in Frameworks */,
				7F4008D527DE9D1A0031002E /* FirebaseDynamicLinks in Frameworks */,
			);
			runOnlyForDeploymentPostprocessing = 0;
		};
		83765CAF2676ADC400318CDB /* Frameworks */ = {
			isa = PBXFrameworksBuildPhase;
			buildActionMask = 2147483647;
			files = (
			);
			runOnlyForDeploymentPostprocessing = 0;
		};
		83765CB92676ADC400318CDB /* Frameworks */ = {
			isa = PBXFrameworksBuildPhase;
			buildActionMask = 2147483647;
			files = (
			);
			runOnlyForDeploymentPostprocessing = 0;
		};
/* End PBXFrameworksBuildPhase section */

/* Begin PBXGroup section */
		7F0FA11527C4167F00C603F5 /* CrateFilesAppProvider */ = {
			isa = PBXGroup;
			children = (
				7F0FA11627C4167F00C603F5 /* FileProviderExtension.swift */,
				7F0FA11827C4167F00C603F5 /* FileProviderItem.swift */,
				7F0FA11A27C4167F00C603F5 /* FileProviderEnumerator.swift */,
				7F0FA11C27C4167F00C603F5 /* Info.plist */,
				7F0FA11D27C4167F00C603F5 /* CrateFilesAppProvider.entitlements */,
			);
			path = CrateFilesAppProvider;
			sourceTree = "<group>";
		};
		7F0FA12327C4167F00C603F5 /* CrateFilesAppProviderUI */ = {
			isa = PBXGroup;
			children = (
				7F0FA12427C4167F00C603F5 /* DocumentActionViewController.swift */,
				7F0FA12627C4167F00C603F5 /* MainInterface.storyboard */,
				7F0FA12927C4167F00C603F5 /* Info.plist */,
			);
			path = CrateFilesAppProviderUI;
			sourceTree = "<group>";
		};
		7F0FA14527C417AF00C603F5 /* CrateFinderProvider */ = {
			isa = PBXGroup;
			children = (
				7F0FA16027C4185400C603F5 /* CrateFinderRegistration.swift */,
				7F0FA14627C417AF00C603F5 /* FileProviderExtension.swift */,
				7F0FA14827C417AF00C603F5 /* FileProviderItem.swift */,
				7F0FA14A27C417AF00C603F5 /* FileProviderEnumerator.swift */,
				7F0FA14C27C417AF00C603F5 /* Info.plist */,
				7F0FA14D27C417AF00C603F5 /* CrateFinderProvider.entitlements */,
			);
			path = CrateFinderProvider;
			sourceTree = "<group>";
		};
		7F0FA15627C4184300C603F5 /* iOS */ = {
			isa = PBXGroup;
			children = (
				7FB3FBB127C5FAB6003E2F02 /* SettingsView.swift */,
				7F2BA11927CC9CD7008FFEDF /* ContentView.swift */,
				7F2BA10E27CC8728008FFEDF /* TabBar.swift */,
				7F2BA11B27CC9DB1008FFEDF /* HomeView.swift */,
			);
			path = iOS;
			sourceTree = "<group>";
		};
		7F0FA15F27C4185400C603F5 /* macOS */ = {
			isa = PBXGroup;
			children = (
				7F4EC32327DD8A140082B254 /* ContentView.swift */,
				7FACED9A27CC3CB30076A05F /* SettingsView.swift */,
			);
			path = macOS;
			sourceTree = "<group>";
		};
		7F26DEEE27C58FF000826420 /* Frameworks */ = {
			isa = PBXGroup;
			children = (
				7F48BB9427D961E40099DE2D /* StoreKit.framework */,
				7F48BB9227D961DF0099DE2D /* NetworkExtension.framework */,
				7F26DEF227C5900100826420 /* UniformTypeIdentifiers.framework */,
			);
			path = Frameworks;
			sourceTree = "<group>";
		};
		7F2974BA27C5D1CB00A3602D /* Status */ = {
			isa = PBXGroup;
			children = (
				7F2974BB27C5D1E100A3602D /* StatusView.swift */,
				7F2974BD27C5D22A00A3602D /* FilesIndicator.swift */,
				7FACED8B27CBF19F0076A05F /* IPFSIndicator.swift */,
			);
			path = Status;
			sourceTree = "<group>";
		};
		7F2BA12A27CDB969008FFEDF /* Files */ = {
			isa = PBXGroup;
			children = (
				7F2BA12B27CDB974008FFEDF /* FilesGrid.swift */,
				7F2BA12E27CDB97E008FFEDF /* FilesList.swift */,
				7F2BA13127CDB986008FFEDF /* FilesColumn.swift */,
			);
			path = Files;
			sourceTree = "<group>";
		};
		7F2BA13427CDB9C9008FFEDF /* Files */ = {
			isa = PBXGroup;
			children = (
				7F2BA13527CDB9D7008FFEDF /* FileStore.swift */,
			);
			path = Files;
			sourceTree = "<group>";
		};
		7F3AEF5627D8EBAA003641CB /* Fonts */ = {
			isa = PBXGroup;
			children = (
				7F3AEF5A27D8EBC0003641CB /* iAWriterQuattroS-Bold.ttf */,
				7F3AEF5827D8EBC0003641CB /* iAWriterQuattroS-BoldItalic.ttf */,
				7F3AEF5727D8EBC0003641CB /* iAWriterQuattroS-Italic.ttf */,
				7F3AEF5927D8EBC0003641CB /* iAWriterQuattroS-Regular.ttf */,
			);
			path = Fonts;
			sourceTree = "<group>";
		};
		7F4008DA27DEB6A40031002E /* Server */ = {
			isa = PBXGroup;
			children = (
				7F41352427DE8DC0003DE25E /* CrateUser.swift */,
				7F4008DB27DEB6B30031002E /* FirebaseConstants.swift */,
				7F48BB9B27D9CA530099DE2D /* Crypto */,
				7F41351D27DE8BA0003DE25E /* Authentication */,
			);
			path = Server;
			sourceTree = "<group>";
		};
		7F41351D27DE8BA0003DE25E /* Authentication */ = {
			isa = PBXGroup;
			children = (
				7F3AEF3927D83CC3003641CB /* CrateAuthentication.swift */,
				7F41351E27DE8BCF003DE25E /* ASAccount.swift */,
			);
			path = Authentication;
			sourceTree = "<group>";
		};
		7F48BB9B27D9CA530099DE2D /* Crypto */ = {
			isa = PBXGroup;
			children = (
				7F41352127DE8CA2003DE25E /* Crypto.swift */,
				7F48BB9C27D9CA5F0099DE2D /* Random.swift */,
				7F48BB9F27D9CA790099DE2D /* SHA256.swift */,
			);
			path = Crypto;
			sourceTree = "<group>";
		};
		7F4EC32827DD8F400082B254 /* Authentication */ = {
			isa = PBXGroup;
			children = (
			);
			path = Authentication;
			sourceTree = "<group>";
		};
		7F976D0827D07EC90020506A /* Vendor */ = {
			isa = PBXGroup;
			children = (
				7F3AEF5627D8EBAA003641CB /* Fonts */,
				7F976D0927D07EDA0020506A /* ipfs-core.js */,
			);
			path = Vendor;
			sourceTree = "<group>";
		};
		7FACED8A27CBEF670076A05F /* Extensions */ = {
			isa = PBXGroup;
			children = (
				7F0FA14527C417AF00C603F5 /* CrateFinderProvider */,
				7F0FA12327C4167F00C603F5 /* CrateFilesAppProviderUI */,
				7F0FA11527C4167F00C603F5 /* CrateFilesAppProvider */,
			);
			name = Extensions;
			sourceTree = "<group>";
		};
		7FACED9927CC398F0076A05F /* Settings */ = {
			isa = PBXGroup;
			children = (
				7F2BA13827CDBE95008FFEDF /* SectionHeader.swift */,
				7FB3FBB427C5FAD0003E2F02 /* AccountSettingsView.swift */,
				7FACEDA227CC45EC0076A05F /* NetworkSettingsView.swift */,
				7FACED9F27CC45DB0076A05F /* StorageSettingsView.swift */,
				7FACED9C27CC45CB0076A05F /* SyncSettingsView.swift */,
			);
			path = Settings;
			sourceTree = "<group>";
		};
		7FB3FB9A27C5E023003E2F02 /* IPFS */ = {
			isa = PBXGroup;
			children = (
				7FB3FB9E27C5E061003E2F02 /* IPFSCore.swift */,
				7F2BA12427CDAB80008FFEDF /* IPFSTypes.swift */,
				7F2BA13B27CDC292008FFEDF /* IPFSGateway.swift */,
				7F3AEF3227D1BD7C003641CB /* IPFSJSCore.swift */,
				7F3AEF3527D2CEC5003641CB /* IPFSExternalCore.swift */,
			);
			path = IPFS;
			sourceTree = "<group>";
		};
		7FEB711127CBEB7E00177AC6 /* Views */ = {
			isa = PBXGroup;
			children = (
				7F3AEF5327D8E9C1003641CB /* Authenticate.swift */,
				7F0FA16127C4185400C603F5 /* Sidebar.swift */,
				7F2974B827C5C33F00A3602D /* FilesView.swift */,
				7F521DC327CF2BA8001D8A35 /* BrowseView.swift */,
				7F4EC32827DD8F400082B254 /* Authentication */,
				7F2BA12A27CDB969008FFEDF /* Files */,
				7F2974BA27C5D1CB00A3602D /* Status */,
				7FACED9927CC398F0076A05F /* Settings */,
			);
			path = Views;
			sourceTree = "<group>";
		};
		83765C9A2676ADC100318CDB = {
			isa = PBXGroup;
			children = (
				7F3AEF6327D8EC6A003641CB /* Crate--iOS--Info.plist */,
				7F3AEF6627D908FC003641CB /* GoogleService-Info.plist */,
				7F976D0827D07EC90020506A /* Vendor */,
				83765CD62676ADD900318CDB /* Crate.entitlements */,
				7F521DC727CF32CF001D8A35 /* Crate (macOS).entitlements */,
				7FACED8A27CBEF670076A05F /* Extensions */,
				7F26DEEE27C58FF000826420 /* Frameworks */,
				7F0FA15F27C4185400C603F5 /* macOS */,
				7F0FA15627C4184300C603F5 /* iOS */,
				83765C9F2676ADC200318CDB /* Shared */,
				83765CB52676ADC400318CDB /* Tests iOS */,
				83765CBF2676ADC400318CDB /* Tests macOS */,
				83765CA82676ADC300318CDB /* Products */,
			);
			sourceTree = "<group>";
		};
		83765C9F2676ADC200318CDB /* Shared */ = {
			isa = PBXGroup;
			children = (
				7F2BA11327CC8DC6008FFEDF /* CrateApp.swift */,
				7FF954B027D0403B0095EE6A /* Color.swift */,
				7F4008DA27DEB6A40031002E /* Server */,
				7FB3FB9A27C5E023003E2F02 /* IPFS */,
				7F2BA13427CDB9C9008FFEDF /* Files */,
				7FEB711127CBEB7E00177AC6 /* Views */,
				83765CA22676ADC300318CDB /* Assets.xcassets */,
			);
			path = Shared;
			sourceTree = "<group>";
		};
		83765CA82676ADC300318CDB /* Products */ = {
			isa = PBXGroup;
			children = (
				83765CA72676ADC300318CDB /* Crate.app */,
				83765CAD2676ADC400318CDB /* Crate.app */,
				83765CB22676ADC400318CDB /* Tests iOS.xctest */,
				83765CBC2676ADC400318CDB /* Tests macOS.xctest */,
				7F0FA11127C4167E00C603F5 /* CrateFilesAppProvider.appex */,
				7F0FA12227C4167F00C603F5 /* CrateFilesAppProviderUI.appex */,
				7F0FA14327C417AF00C603F5 /* CrateFinderProvider.appex */,
			);
			name = Products;
			sourceTree = "<group>";
		};
		83765CB52676ADC400318CDB /* Tests iOS */ = {
			isa = PBXGroup;
			children = (
				83765CB62676ADC400318CDB /* Tests_iOS.swift */,
			);
			path = "Tests iOS";
			sourceTree = "<group>";
		};
		83765CBF2676ADC400318CDB /* Tests macOS */ = {
			isa = PBXGroup;
			children = (
				83765CC02676ADC400318CDB /* Tests_macOS.swift */,
			);
			path = "Tests macOS";
			sourceTree = "<group>";
		};
/* End PBXGroup section */

/* Begin PBXNativeTarget section */
		7F0FA11027C4167E00C603F5 /* CrateFilesAppProvider */ = {
			isa = PBXNativeTarget;
			buildConfigurationList = 7F0FA13627C4167F00C603F5 /* Build configuration list for PBXNativeTarget "CrateFilesAppProvider" */;
			buildPhases = (
				7F0FA10D27C4167E00C603F5 /* Sources */,
				7F0FA10E27C4167E00C603F5 /* Frameworks */,
				7F0FA10F27C4167E00C603F5 /* Resources */,
			);
			buildRules = (
			);
			dependencies = (
			);
			name = CrateFilesAppProvider;
			productName = CrateFilesAppProvider;
			productReference = 7F0FA11127C4167E00C603F5 /* CrateFilesAppProvider.appex */;
			productType = "com.apple.product-type.app-extension";
		};
		7F0FA12127C4167F00C603F5 /* CrateFilesAppProviderUI */ = {
			isa = PBXNativeTarget;
			buildConfigurationList = 7F0FA13527C4167F00C603F5 /* Build configuration list for PBXNativeTarget "CrateFilesAppProviderUI" */;
			buildPhases = (
				7F0FA11E27C4167F00C603F5 /* Sources */,
				7F0FA11F27C4167F00C603F5 /* Frameworks */,
				7F0FA12027C4167F00C603F5 /* Resources */,
			);
			buildRules = (
			);
			dependencies = (
			);
			name = CrateFilesAppProviderUI;
			productName = CrateFilesAppProviderUI;
			productReference = 7F0FA12227C4167F00C603F5 /* CrateFilesAppProviderUI.appex */;
			productType = "com.apple.product-type.app-extension";
		};
		7F0FA14227C417AF00C603F5 /* CrateFinderProvider */ = {
			isa = PBXNativeTarget;
			buildConfigurationList = 7F0FA15127C417AF00C603F5 /* Build configuration list for PBXNativeTarget "CrateFinderProvider" */;
			buildPhases = (
				7F0FA13F27C417AF00C603F5 /* Sources */,
				7F0FA14027C417AF00C603F5 /* Frameworks */,
				7F0FA14127C417AF00C603F5 /* Resources */,
			);
			buildRules = (
			);
			dependencies = (
			);
			name = CrateFinderProvider;
			productName = CrateFinderProvider;
			productReference = 7F0FA14327C417AF00C603F5 /* CrateFinderProvider.appex */;
			productType = "com.apple.product-type.app-extension";
		};
		83765CA62676ADC300318CDB /* Crate (iOS) */ = {
			isa = PBXNativeTarget;
			buildConfigurationList = 83765CCA2676ADC400318CDB /* Build configuration list for PBXNativeTarget "Crate (iOS)" */;
			buildPhases = (
				83765CA32676ADC300318CDB /* Sources */,
				83765CA42676ADC300318CDB /* Frameworks */,
				83765CA52676ADC300318CDB /* Resources */,
				7F0FA13027C4167F00C603F5 /* Embed App Extensions */,
			);
			buildRules = (
			);
			dependencies = (
				7F0FA12B27C4167F00C603F5 /* PBXTargetDependency */,
				7F0FA12E27C4167F00C603F5 /* PBXTargetDependency */,
			);
			name = "Crate (iOS)";
			packageProductDependencies = (
				7F40088027DE9C3F0031002E /* FirebaseAnalytics */,
				7F40088627DE9C3F0031002E /* FirebaseAuth */,
				7F40088E27DE9C3F0031002E /* FirebaseDynamicLinks */,
				7F40089027DE9C3F0031002E /* FirebaseFirestore */,
				7F40089627DE9C3F0031002E /* FirebasePerformance */,
				7FB8AC7027DEE5DC0004AF9B /* FirebaseFirestoreCombine-Community */,
				7FB8AC7227DEE5DC0004AF9B /* FirebaseFirestoreSwift-Beta */,
			);
			productName = "Crate (iOS)";
			productReference = 83765CA72676ADC300318CDB /* Crate.app */;
			productType = "com.apple.product-type.application";
		};
		83765CAC2676ADC400318CDB /* Crate (macOS) */ = {
			isa = PBXNativeTarget;
			buildConfigurationList = 83765CCD2676ADC400318CDB /* Build configuration list for PBXNativeTarget "Crate (macOS)" */;
			buildPhases = (
				83765CA92676ADC400318CDB /* Sources */,
				83765CAA2676ADC400318CDB /* Frameworks */,
				83765CAB2676ADC400318CDB /* Resources */,
				7F0FA15427C417AF00C603F5 /* Embed App Extensions */,
			);
			buildRules = (
			);
			dependencies = (
				7F0FA14F27C417AF00C603F5 /* PBXTargetDependency */,
			);
			name = "Crate (macOS)";
			packageProductDependencies = (
				7F4008D027DE9D1A0031002E /* FirebaseAnalytics */,
				7F4008D227DE9D1A0031002E /* FirebaseAuth */,
				7F4008D427DE9D1A0031002E /* FirebaseDynamicLinks */,
				7F4008D627DE9D1A0031002E /* FirebaseFirestore */,
				7F4008D827DE9D450031002E /* FirebasePerformance */,
				7FB8AC6C27DEE55A0004AF9B /* FirebaseFirestoreCombine-Community */,
				7FB8AC6E27DEE55A0004AF9B /* FirebaseFirestoreSwift-Beta */,
			);
			productName = "Crate (macOS)";
			productReference = 83765CAD2676ADC400318CDB /* Crate.app */;
			productType = "com.apple.product-type.application";
		};
		83765CB12676ADC400318CDB /* Tests iOS */ = {
			isa = PBXNativeTarget;
			buildConfigurationList = 83765CD02676ADC400318CDB /* Build configuration list for PBXNativeTarget "Tests iOS" */;
			buildPhases = (
				83765CAE2676ADC400318CDB /* Sources */,
				83765CAF2676ADC400318CDB /* Frameworks */,
				83765CB02676ADC400318CDB /* Resources */,
			);
			buildRules = (
			);
			dependencies = (
				83765CB42676ADC400318CDB /* PBXTargetDependency */,
			);
			name = "Tests iOS";
			productName = "Tests iOS";
			productReference = 83765CB22676ADC400318CDB /* Tests iOS.xctest */;
			productType = "com.apple.product-type.bundle.ui-testing";
		};
		83765CBB2676ADC400318CDB /* Tests macOS */ = {
			isa = PBXNativeTarget;
			buildConfigurationList = 83765CD32676ADC400318CDB /* Build configuration list for PBXNativeTarget "Tests macOS" */;
			buildPhases = (
				83765CB82676ADC400318CDB /* Sources */,
				83765CB92676ADC400318CDB /* Frameworks */,
				83765CBA2676ADC400318CDB /* Resources */,
			);
			buildRules = (
			);
			dependencies = (
				83765CBE2676ADC400318CDB /* PBXTargetDependency */,
			);
			name = "Tests macOS";
			productName = "Tests macOS";
			productReference = 83765CBC2676ADC400318CDB /* Tests macOS.xctest */;
			productType = "com.apple.product-type.bundle.ui-testing";
		};
/* End PBXNativeTarget section */

/* Begin PBXProject section */
		83765C9B2676ADC100318CDB /* Project object */ = {
			isa = PBXProject;
			attributes = {
				BuildIndependentTargetsInParallel = 1;
				LastSwiftUpdateCheck = 1320;
				LastUpgradeCheck = 1300;
				TargetAttributes = {
					7F0FA11027C4167E00C603F5 = {
						CreatedOnToolsVersion = 13.2.1;
					};
					7F0FA12127C4167F00C603F5 = {
						CreatedOnToolsVersion = 13.2.1;
					};
					7F0FA14227C417AF00C603F5 = {
						CreatedOnToolsVersion = 13.2.1;
					};
					83765CA62676ADC300318CDB = {
						CreatedOnToolsVersion = 13.0;
					};
					83765CAC2676ADC400318CDB = {
						CreatedOnToolsVersion = 13.0;
					};
					83765CB12676ADC400318CDB = {
						CreatedOnToolsVersion = 13.0;
						TestTargetID = 83765CA62676ADC300318CDB;
					};
					83765CBB2676ADC400318CDB = {
						CreatedOnToolsVersion = 13.0;
						TestTargetID = 83765CAC2676ADC400318CDB;
					};
				};
			};
			buildConfigurationList = 83765C9E2676ADC100318CDB /* Build configuration list for PBXProject "Crate" */;
			compatibilityVersion = "Xcode 13.0";
			developmentRegion = en;
			hasScannedForEncodings = 0;
			knownRegions = (
				en,
				Base,
			);
			mainGroup = 83765C9A2676ADC100318CDB;
			packageReferences = (
				7F40087F27DE9C3F0031002E /* XCRemoteSwiftPackageReference "firebase-ios-sdk" */,
			);
			productRefGroup = 83765CA82676ADC300318CDB /* Products */;
			projectDirPath = "";
			projectRoot = "";
			targets = (
				83765CA62676ADC300318CDB /* Crate (iOS) */,
				83765CAC2676ADC400318CDB /* Crate (macOS) */,
				83765CB12676ADC400318CDB /* Tests iOS */,
				83765CBB2676ADC400318CDB /* Tests macOS */,
				7F0FA11027C4167E00C603F5 /* CrateFilesAppProvider */,
				7F0FA12127C4167F00C603F5 /* CrateFilesAppProviderUI */,
				7F0FA14227C417AF00C603F5 /* CrateFinderProvider */,
			);
		};
/* End PBXProject section */

/* Begin PBXResourcesBuildPhase section */
		7F0FA10F27C4167E00C603F5 /* Resources */ = {
			isa = PBXResourcesBuildPhase;
			buildActionMask = 2147483647;
			files = (
			);
			runOnlyForDeploymentPostprocessing = 0;
		};
		7F0FA12027C4167F00C603F5 /* Resources */ = {
			isa = PBXResourcesBuildPhase;
			buildActionMask = 2147483647;
			files = (
				7F0FA12827C4167F00C603F5 /* MainInterface.storyboard in Resources */,
			);
			runOnlyForDeploymentPostprocessing = 0;
		};
		7F0FA14127C417AF00C603F5 /* Resources */ = {
			isa = PBXResourcesBuildPhase;
			buildActionMask = 2147483647;
			files = (
			);
			runOnlyForDeploymentPostprocessing = 0;
		};
		83765CA52676ADC300318CDB /* Resources */ = {
			isa = PBXResourcesBuildPhase;
			buildActionMask = 2147483647;
			files = (
				83765CC62676ADC400318CDB /* Assets.xcassets in Resources */,
				7F3AEF5D27D8EBC0003641CB /* iAWriterQuattroS-BoldItalic.ttf in Resources */,
				7F3AEF5F27D8EBC0003641CB /* iAWriterQuattroS-Regular.ttf in Resources */,
				7F3AEF6127D8EBC0003641CB /* iAWriterQuattroS-Bold.ttf in Resources */,
				7F3AEF5B27D8EBC0003641CB /* iAWriterQuattroS-Italic.ttf in Resources */,
				7F976D0A27D07EDA0020506A /* ipfs-core.js in Resources */,
				7F3AEF6727D908FC003641CB /* GoogleService-Info.plist in Resources */,
			);
			runOnlyForDeploymentPostprocessing = 0;
		};
		83765CAB2676ADC400318CDB /* Resources */ = {
			isa = PBXResourcesBuildPhase;
			buildActionMask = 2147483647;
			files = (
				83765CC72676ADC400318CDB /* Assets.xcassets in Resources */,
				7F3AEF5E27D8EBC0003641CB /* iAWriterQuattroS-BoldItalic.ttf in Resources */,
				7F3AEF6027D8EBC0003641CB /* iAWriterQuattroS-Regular.ttf in Resources */,
				7F3AEF6227D8EBC0003641CB /* iAWriterQuattroS-Bold.ttf in Resources */,
				7F3AEF5C27D8EBC0003641CB /* iAWriterQuattroS-Italic.ttf in Resources */,
				7F976D0B27D07EDA0020506A /* ipfs-core.js in Resources */,
				7F3AEF6827D908FC003641CB /* GoogleService-Info.plist in Resources */,
			);
			runOnlyForDeploymentPostprocessing = 0;
		};
		83765CB02676ADC400318CDB /* Resources */ = {
			isa = PBXResourcesBuildPhase;
			buildActionMask = 2147483647;
			files = (
			);
			runOnlyForDeploymentPostprocessing = 0;
		};
		83765CBA2676ADC400318CDB /* Resources */ = {
			isa = PBXResourcesBuildPhase;
			buildActionMask = 2147483647;
			files = (
			);
			runOnlyForDeploymentPostprocessing = 0;
		};
/* End PBXResourcesBuildPhase section */

/* Begin PBXSourcesBuildPhase section */
		7F0FA10D27C4167E00C603F5 /* Sources */ = {
			isa = PBXSourcesBuildPhase;
			buildActionMask = 2147483647;
			files = (
				7F0FA11727C4167F00C603F5 /* FileProviderExtension.swift in Sources */,
				7F0FA11927C4167F00C603F5 /* FileProviderItem.swift in Sources */,
				7F0FA11B27C4167F00C603F5 /* FileProviderEnumerator.swift in Sources */,
			);
			runOnlyForDeploymentPostprocessing = 0;
		};
		7F0FA11E27C4167F00C603F5 /* Sources */ = {
			isa = PBXSourcesBuildPhase;
			buildActionMask = 2147483647;
			files = (
				7F0FA12527C4167F00C603F5 /* DocumentActionViewController.swift in Sources */,
			);
			runOnlyForDeploymentPostprocessing = 0;
		};
		7F0FA13F27C417AF00C603F5 /* Sources */ = {
			isa = PBXSourcesBuildPhase;
			buildActionMask = 2147483647;
			files = (
				7F0FA14727C417AF00C603F5 /* FileProviderExtension.swift in Sources */,
				7F0FA14927C417AF00C603F5 /* FileProviderItem.swift in Sources */,
				7FB3FBB027C5E7C3003E2F02 /* CrateFinderRegistration.swift in Sources */,
				7F0FA14B27C417AF00C603F5 /* FileProviderEnumerator.swift in Sources */,
			);
			runOnlyForDeploymentPostprocessing = 0;
		};
		83765CA32676ADC300318CDB /* Sources */ = {
			isa = PBXSourcesBuildPhase;
			buildActionMask = 2147483647;
			files = (
				7F48BBA027D9CA790099DE2D /* SHA256.swift in Sources */,
				7F521DC227CF2612001D8A35 /* HomeView.swift in Sources */,
				7F2BA12F27CDB97E008FFEDF /* FilesList.swift in Sources */,
				7F2BA13227CDB986008FFEDF /* FilesColumn.swift in Sources */,
				7F3AEF5427D8E9C1003641CB /* Authenticate.swift in Sources */,
				7F41351F27DE8BCF003DE25E /* ASAccount.swift in Sources */,
				7F521DC127CF1E50001D8A35 /* ContentView.swift in Sources */,
				7F2BA13927CDBE95008FFEDF /* SectionHeader.swift in Sources */,
				7F2974C327C5DB8700A3602D /* FilesIndicator.swift in Sources */,
				7F2BA13C27CDC292008FFEDF /* IPFSGateway.swift in Sources */,
				7F2BA10F27CC8728008FFEDF /* TabBar.swift in Sources */,
				7FB3FBB527C5FAD0003E2F02 /* AccountSettingsView.swift in Sources */,
				7FACEDA327CC45EC0076A05F /* NetworkSettingsView.swift in Sources */,
				7FACED8C27CBF19F0076A05F /* IPFSIndicator.swift in Sources */,
				7F2974C227C5DB8400A3602D /* StatusView.swift in Sources */,
				7F3AEF3A27D83CC3003641CB /* CrateAuthentication.swift in Sources */,
				7F2BA12527CDAB80008FFEDF /* IPFSTypes.swift in Sources */,
				7F4008DE27DEBCD90031002E /* CrateApp.swift in Sources */,
				7F48BB9D27D9CA5F0099DE2D /* Random.swift in Sources */,
				7F2BA12C27CDB974008FFEDF /* FilesGrid.swift in Sources */,
				7F521DC427CF2BA8001D8A35 /* BrowseView.swift in Sources */,
				7FF954B127D0403B0095EE6A /* Color.swift in Sources */,
				7F2BA11227CC8D0E008FFEDF /* Sidebar.swift in Sources */,
				7FEB711327CBEEA200177AC6 /* SettingsView.swift in Sources */,
				7F41352527DE8DC0003DE25E /* CrateUser.swift in Sources */,
				7F3AEF3327D1BD7C003641CB /* IPFSJSCore.swift in Sources */,
				7F2BA13627CDB9D7008FFEDF /* FileStore.swift in Sources */,
				7FB3FB9F27C5E061003E2F02 /* IPFSCore.swift in Sources */,
				7F3AEF3627D2CEC5003641CB /* IPFSExternalCore.swift in Sources */,
				7F41352227DE8CA2003DE25E /* Crypto.swift in Sources */,
				7FACED9D27CC45CB0076A05F /* SyncSettingsView.swift in Sources */,
				7FACEDA027CC45DB0076A05F /* StorageSettingsView.swift in Sources */,
				7F4008DC27DEB6B30031002E /* FirebaseConstants.swift in Sources */,
				7F2BA11527CC9065008FFEDF /* FilesView.swift in Sources */,
			);
			runOnlyForDeploymentPostprocessing = 0;
		};
		83765CA92676ADC400318CDB /* Sources */ = {
			isa = PBXSourcesBuildPhase;
			buildActionMask = 2147483647;
			files = (
				7FACED9B27CC3CB80076A05F /* SettingsView.swift in Sources */,
				7F3AEF3B27D83CC3003641CB /* CrateAuthentication.swift in Sources */,
				7F2974BC27C5D1E100A3602D /* StatusView.swift in Sources */,
				7F4EC32727DD8E760082B254 /* Authenticate.swift in Sources */,
				7F2BA12D27CDB974008FFEDF /* FilesGrid.swift in Sources */,
				7F0FA16427C4185400C603F5 /* Sidebar.swift in Sources */,
				7F2BA13727CDB9D7008FFEDF /* FileStore.swift in Sources */,
				7F2BA13027CDB97E008FFEDF /* FilesList.swift in Sources */,
				7FB3FBB627C5FAD0003E2F02 /* AccountSettingsView.swift in Sources */,
				7FACEDA427CC45EC0076A05F /* NetworkSettingsView.swift in Sources */,
				7FB3FBA027C5E061003E2F02 /* IPFSCore.swift in Sources */,
				7FACED8D27CBF19F0076A05F /* IPFSIndicator.swift in Sources */,
				7F2BA12627CDAB80008FFEDF /* IPFSTypes.swift in Sources */,
				7F2BA13327CDB986008FFEDF /* FilesColumn.swift in Sources */,
				7F3AEF3427D1BD7C003641CB /* IPFSJSCore.swift in Sources */,
				7F2974BE27C5D22A00A3602D /* FilesIndicator.swift in Sources */,
				7FF954B227D0403B0095EE6A /* Color.swift in Sources */,
				7FACED9E27CC45CB0076A05F /* SyncSettingsView.swift in Sources */,
				7F4008DD27DEB8380031002E /* FirebaseConstants.swift in Sources */,
				7F41352627DE8DC0003DE25E /* CrateUser.swift in Sources */,
				7F3AEF3727D2CEC5003641CB /* IPFSExternalCore.swift in Sources */,
				7F41352027DE8BCF003DE25E /* ASAccount.swift in Sources */,
				7F521DC527CF2BA8001D8A35 /* BrowseView.swift in Sources */,
				7F2BA13A27CDBE95008FFEDF /* SectionHeader.swift in Sources */,
				7F2BA11427CC8DD1008FFEDF /* CrateApp.swift in Sources */,
				7F2BA13D27CDC292008FFEDF /* IPFSGateway.swift in Sources */,
				7FACEDA127CC45DB0076A05F /* StorageSettingsView.swift in Sources */,
				7F48BBA127D9CA790099DE2D /* SHA256.swift in Sources */,
				7F41352327DE8CA2003DE25E /* Crypto.swift in Sources */,
				7F2974B927C5C33F00A3602D /* FilesView.swift in Sources */,
				7F4EC32427DD8A140082B254 /* ContentView.swift in Sources */,
				7F48BB9E27D9CA5F0099DE2D /* Random.swift in Sources */,
			);
			runOnlyForDeploymentPostprocessing = 0;
		};
		83765CAE2676ADC400318CDB /* Sources */ = {
			isa = PBXSourcesBuildPhase;
			buildActionMask = 2147483647;
			files = (
				83765CB72676ADC400318CDB /* Tests_iOS.swift in Sources */,
			);
			runOnlyForDeploymentPostprocessing = 0;
		};
		83765CB82676ADC400318CDB /* Sources */ = {
			isa = PBXSourcesBuildPhase;
			buildActionMask = 2147483647;
			files = (
				83765CC12676ADC400318CDB /* Tests_macOS.swift in Sources */,
			);
			runOnlyForDeploymentPostprocessing = 0;
		};
/* End PBXSourcesBuildPhase section */

/* Begin PBXTargetDependency section */
		7F0FA12B27C4167F00C603F5 /* PBXTargetDependency */ = {
			isa = PBXTargetDependency;
			target = 7F0FA12127C4167F00C603F5 /* CrateFilesAppProviderUI */;
			targetProxy = 7F0FA12A27C4167F00C603F5 /* PBXContainerItemProxy */;
		};
		7F0FA12E27C4167F00C603F5 /* PBXTargetDependency */ = {
			isa = PBXTargetDependency;
			target = 7F0FA11027C4167E00C603F5 /* CrateFilesAppProvider */;
			targetProxy = 7F0FA12D27C4167F00C603F5 /* PBXContainerItemProxy */;
		};
		7F0FA14F27C417AF00C603F5 /* PBXTargetDependency */ = {
			isa = PBXTargetDependency;
			target = 7F0FA14227C417AF00C603F5 /* CrateFinderProvider */;
			targetProxy = 7F0FA14E27C417AF00C603F5 /* PBXContainerItemProxy */;
		};
		83765CB42676ADC400318CDB /* PBXTargetDependency */ = {
			isa = PBXTargetDependency;
			target = 83765CA62676ADC300318CDB /* Crate (iOS) */;
			targetProxy = 83765CB32676ADC400318CDB /* PBXContainerItemProxy */;
		};
		83765CBE2676ADC400318CDB /* PBXTargetDependency */ = {
			isa = PBXTargetDependency;
			target = 83765CAC2676ADC400318CDB /* Crate (macOS) */;
			targetProxy = 83765CBD2676ADC400318CDB /* PBXContainerItemProxy */;
		};
/* End PBXTargetDependency section */

/* Begin PBXVariantGroup section */
		7F0FA12627C4167F00C603F5 /* MainInterface.storyboard */ = {
			isa = PBXVariantGroup;
			children = (
				7F0FA12727C4167F00C603F5 /* Base */,
			);
			name = MainInterface.storyboard;
			sourceTree = "<group>";
		};
/* End PBXVariantGroup section */

/* Begin XCBuildConfiguration section */
		7F0FA13127C4167F00C603F5 /* Debug */ = {
			isa = XCBuildConfiguration;
			buildSettings = {
				CLANG_CXX_LANGUAGE_STANDARD = "gnu++17";
				CODE_SIGN_ENTITLEMENTS = CrateFilesAppProvider/CrateFilesAppProvider.entitlements;
				CODE_SIGN_STYLE = Automatic;
				CURRENT_PROJECT_VERSION = 1;
				DEVELOPMENT_TEAM = N43YW78JC6;
				GENERATE_INFOPLIST_FILE = YES;
				INFOPLIST_FILE = CrateFilesAppProvider/Info.plist;
				INFOPLIST_KEY_CFBundleDisplayName = CrateFilesAppProvider;
				INFOPLIST_KEY_NSHumanReadableCopyright = "";
				IPHONEOS_DEPLOYMENT_TARGET = 15.2;
				LD_RUNPATH_SEARCH_PATHS = (
					"$(inherited)",
					"@executable_path/Frameworks",
					"@executable_path/../../Frameworks",
				);
				MARKETING_VERSION = 1.0;
				PRODUCT_BUNDLE_IDENTIFIER = com.chrisvanderloo.Crate.CrateFilesAppProvider;
				PRODUCT_NAME = "$(TARGET_NAME)";
				SDKROOT = iphoneos;
				SKIP_INSTALL = YES;
				SWIFT_EMIT_LOC_STRINGS = YES;
				SWIFT_VERSION = 5.0;
				TARGETED_DEVICE_FAMILY = "1,2";
			};
			name = Debug;
		};
		7F0FA13227C4167F00C603F5 /* Release */ = {
			isa = XCBuildConfiguration;
			buildSettings = {
				CLANG_CXX_LANGUAGE_STANDARD = "gnu++17";
				CODE_SIGN_ENTITLEMENTS = CrateFilesAppProvider/CrateFilesAppProvider.entitlements;
				CODE_SIGN_STYLE = Automatic;
				CURRENT_PROJECT_VERSION = 1;
				DEVELOPMENT_TEAM = N43YW78JC6;
				GENERATE_INFOPLIST_FILE = YES;
				INFOPLIST_FILE = CrateFilesAppProvider/Info.plist;
				INFOPLIST_KEY_CFBundleDisplayName = CrateFilesAppProvider;
				INFOPLIST_KEY_NSHumanReadableCopyright = "";
				IPHONEOS_DEPLOYMENT_TARGET = 15.2;
				LD_RUNPATH_SEARCH_PATHS = (
					"$(inherited)",
					"@executable_path/Frameworks",
					"@executable_path/../../Frameworks",
				);
				MARKETING_VERSION = 1.0;
				PRODUCT_BUNDLE_IDENTIFIER = com.chrisvanderloo.Crate.CrateFilesAppProvider;
				PRODUCT_NAME = "$(TARGET_NAME)";
				SDKROOT = iphoneos;
				SKIP_INSTALL = YES;
				SWIFT_EMIT_LOC_STRINGS = YES;
				SWIFT_VERSION = 5.0;
				TARGETED_DEVICE_FAMILY = "1,2";
				VALIDATE_PRODUCT = YES;
			};
			name = Release;
		};
		7F0FA13327C4167F00C603F5 /* Debug */ = {
			isa = XCBuildConfiguration;
			buildSettings = {
				CLANG_CXX_LANGUAGE_STANDARD = "gnu++17";
				CODE_SIGN_STYLE = Automatic;
				CURRENT_PROJECT_VERSION = 1;
				DEVELOPMENT_TEAM = N43YW78JC6;
				GENERATE_INFOPLIST_FILE = YES;
				INFOPLIST_FILE = CrateFilesAppProviderUI/Info.plist;
				INFOPLIST_KEY_CFBundleDisplayName = CrateFilesAppProviderUI;
				INFOPLIST_KEY_NSHumanReadableCopyright = "";
				IPHONEOS_DEPLOYMENT_TARGET = 15.2;
				LD_RUNPATH_SEARCH_PATHS = (
					"$(inherited)",
					"@executable_path/Frameworks",
					"@executable_path/../../Frameworks",
				);
				MARKETING_VERSION = 1.0;
				PRODUCT_BUNDLE_IDENTIFIER = com.chrisvanderloo.Crate.CrateFilesAppProviderUI;
				PRODUCT_NAME = "$(TARGET_NAME)";
				SDKROOT = iphoneos;
				SKIP_INSTALL = YES;
				SWIFT_EMIT_LOC_STRINGS = YES;
				SWIFT_VERSION = 5.0;
				TARGETED_DEVICE_FAMILY = "1,2";
			};
			name = Debug;
		};
		7F0FA13427C4167F00C603F5 /* Release */ = {
			isa = XCBuildConfiguration;
			buildSettings = {
				CLANG_CXX_LANGUAGE_STANDARD = "gnu++17";
				CODE_SIGN_STYLE = Automatic;
				CURRENT_PROJECT_VERSION = 1;
				DEVELOPMENT_TEAM = N43YW78JC6;
				GENERATE_INFOPLIST_FILE = YES;
				INFOPLIST_FILE = CrateFilesAppProviderUI/Info.plist;
				INFOPLIST_KEY_CFBundleDisplayName = CrateFilesAppProviderUI;
				INFOPLIST_KEY_NSHumanReadableCopyright = "";
				IPHONEOS_DEPLOYMENT_TARGET = 15.2;
				LD_RUNPATH_SEARCH_PATHS = (
					"$(inherited)",
					"@executable_path/Frameworks",
					"@executable_path/../../Frameworks",
				);
				MARKETING_VERSION = 1.0;
				PRODUCT_BUNDLE_IDENTIFIER = com.chrisvanderloo.Crate.CrateFilesAppProviderUI;
				PRODUCT_NAME = "$(TARGET_NAME)";
				SDKROOT = iphoneos;
				SKIP_INSTALL = YES;
				SWIFT_EMIT_LOC_STRINGS = YES;
				SWIFT_VERSION = 5.0;
				TARGETED_DEVICE_FAMILY = "1,2";
				VALIDATE_PRODUCT = YES;
			};
			name = Release;
		};
		7F0FA15227C417AF00C603F5 /* Debug */ = {
			isa = XCBuildConfiguration;
			buildSettings = {
				CLANG_CXX_LANGUAGE_STANDARD = "gnu++17";
				CODE_SIGN_ENTITLEMENTS = CrateFinderProvider/CrateFinderProvider.entitlements;
				CODE_SIGN_STYLE = Automatic;
				CURRENT_PROJECT_VERSION = 1;
				DEVELOPMENT_TEAM = N43YW78JC6;
				ENABLE_HARDENED_RUNTIME = YES;
				GENERATE_INFOPLIST_FILE = YES;
				INFOPLIST_FILE = CrateFinderProvider/Info.plist;
				INFOPLIST_KEY_CFBundleDisplayName = CrateFinderProvider;
				INFOPLIST_KEY_NSHumanReadableCopyright = "";
				LD_RUNPATH_SEARCH_PATHS = (
					"$(inherited)",
					"@executable_path/../Frameworks",
					"@executable_path/../../../../Frameworks",
				);
				MACOSX_DEPLOYMENT_TARGET = 12.0;
				MARKETING_VERSION = 1.0;
				PRODUCT_BUNDLE_IDENTIFIER = com.chrisvanderloo.Crate.CrateFinderProvider;
				PRODUCT_NAME = "$(TARGET_NAME)";
				SDKROOT = macosx;
				SKIP_INSTALL = YES;
				SWIFT_EMIT_LOC_STRINGS = YES;
				SWIFT_VERSION = 5.0;
			};
			name = Debug;
		};
		7F0FA15327C417AF00C603F5 /* Release */ = {
			isa = XCBuildConfiguration;
			buildSettings = {
				CLANG_CXX_LANGUAGE_STANDARD = "gnu++17";
				CODE_SIGN_ENTITLEMENTS = CrateFinderProvider/CrateFinderProvider.entitlements;
				CODE_SIGN_STYLE = Automatic;
				CURRENT_PROJECT_VERSION = 1;
				DEVELOPMENT_TEAM = N43YW78JC6;
				ENABLE_HARDENED_RUNTIME = YES;
				GENERATE_INFOPLIST_FILE = YES;
				INFOPLIST_FILE = CrateFinderProvider/Info.plist;
				INFOPLIST_KEY_CFBundleDisplayName = CrateFinderProvider;
				INFOPLIST_KEY_NSHumanReadableCopyright = "";
				LD_RUNPATH_SEARCH_PATHS = (
					"$(inherited)",
					"@executable_path/../Frameworks",
					"@executable_path/../../../../Frameworks",
				);
				MACOSX_DEPLOYMENT_TARGET = 12.0;
				MARKETING_VERSION = 1.0;
				PRODUCT_BUNDLE_IDENTIFIER = com.chrisvanderloo.Crate.CrateFinderProvider;
				PRODUCT_NAME = "$(TARGET_NAME)";
				SDKROOT = macosx;
				SKIP_INSTALL = YES;
				SWIFT_EMIT_LOC_STRINGS = YES;
				SWIFT_VERSION = 5.0;
			};
			name = Release;
		};
		83765CC82676ADC400318CDB /* Debug */ = {
			isa = XCBuildConfiguration;
			buildSettings = {
				ALWAYS_SEARCH_USER_PATHS = NO;
				CLANG_ANALYZER_NONNULL = YES;
				CLANG_ANALYZER_NUMBER_OBJECT_CONVERSION = YES_AGGRESSIVE;
				CLANG_CXX_LANGUAGE_STANDARD = "gnu++14";
				CLANG_CXX_LIBRARY = "libc++";
				CLANG_ENABLE_MODULES = YES;
				CLANG_ENABLE_OBJC_ARC = YES;
				CLANG_ENABLE_OBJC_WEAK = YES;
				CLANG_WARN_BLOCK_CAPTURE_AUTORELEASING = YES;
				CLANG_WARN_BOOL_CONVERSION = YES;
				CLANG_WARN_COMMA = YES;
				CLANG_WARN_CONSTANT_CONVERSION = YES;
				CLANG_WARN_DEPRECATED_OBJC_IMPLEMENTATIONS = YES;
				CLANG_WARN_DIRECT_OBJC_ISA_USAGE = YES_ERROR;
				CLANG_WARN_DOCUMENTATION_COMMENTS = YES;
				CLANG_WARN_EMPTY_BODY = YES;
				CLANG_WARN_ENUM_CONVERSION = YES;
				CLANG_WARN_INFINITE_RECURSION = YES;
				CLANG_WARN_INT_CONVERSION = YES;
				CLANG_WARN_NON_LITERAL_NULL_CONVERSION = YES;
				CLANG_WARN_OBJC_IMPLICIT_RETAIN_SELF = YES;
				CLANG_WARN_OBJC_LITERAL_CONVERSION = YES;
				CLANG_WARN_OBJC_ROOT_CLASS = YES_ERROR;
				CLANG_WARN_QUOTED_INCLUDE_IN_FRAMEWORK_HEADER = YES;
				CLANG_WARN_RANGE_LOOP_ANALYSIS = YES;
				CLANG_WARN_STRICT_PROTOTYPES = YES;
				CLANG_WARN_SUSPICIOUS_MOVE = YES;
				CLANG_WARN_UNGUARDED_AVAILABILITY = YES_AGGRESSIVE;
				CLANG_WARN_UNREACHABLE_CODE = YES;
				CLANG_WARN__DUPLICATE_METHOD_MATCH = YES;
				COPY_PHASE_STRIP = NO;
				DEBUG_INFORMATION_FORMAT = dwarf;
				ENABLE_STRICT_OBJC_MSGSEND = YES;
				ENABLE_TESTABILITY = YES;
				FRAMEWORK_SEARCH_PATHS = "${SRCROOT}/Frameworks/**";
				GCC_C_LANGUAGE_STANDARD = gnu11;
				GCC_DYNAMIC_NO_PIC = NO;
				GCC_NO_COMMON_BLOCKS = YES;
				GCC_OPTIMIZATION_LEVEL = 0;
				GCC_PREPROCESSOR_DEFINITIONS = (
					"DEBUG=1",
					"$(inherited)",
				);
				GCC_WARN_64_TO_32_BIT_CONVERSION = YES;
				GCC_WARN_ABOUT_RETURN_TYPE = YES_ERROR;
				GCC_WARN_UNDECLARED_SELECTOR = YES;
				GCC_WARN_UNINITIALIZED_AUTOS = YES_AGGRESSIVE;
				GCC_WARN_UNUSED_FUNCTION = YES;
				GCC_WARN_UNUSED_VARIABLE = YES;
				IPHONEOS_DEPLOYMENT_TARGET = 15.0;
				MACOSX_DEPLOYMENT_TARGET = 12.0;
				MTL_ENABLE_DEBUG_INFO = INCLUDE_SOURCE;
				MTL_FAST_MATH = YES;
				ONLY_ACTIVE_ARCH = YES;
				SWIFT_ACTIVE_COMPILATION_CONDITIONS = DEBUG;
				SWIFT_OPTIMIZATION_LEVEL = "-Onone";
			};
			name = Debug;
		};
		83765CC92676ADC400318CDB /* Release */ = {
			isa = XCBuildConfiguration;
			buildSettings = {
				ALWAYS_SEARCH_USER_PATHS = NO;
				CLANG_ANALYZER_NONNULL = YES;
				CLANG_ANALYZER_NUMBER_OBJECT_CONVERSION = YES_AGGRESSIVE;
				CLANG_CXX_LANGUAGE_STANDARD = "gnu++14";
				CLANG_CXX_LIBRARY = "libc++";
				CLANG_ENABLE_MODULES = YES;
				CLANG_ENABLE_OBJC_ARC = YES;
				CLANG_ENABLE_OBJC_WEAK = YES;
				CLANG_WARN_BLOCK_CAPTURE_AUTORELEASING = YES;
				CLANG_WARN_BOOL_CONVERSION = YES;
				CLANG_WARN_COMMA = YES;
				CLANG_WARN_CONSTANT_CONVERSION = YES;
				CLANG_WARN_DEPRECATED_OBJC_IMPLEMENTATIONS = YES;
				CLANG_WARN_DIRECT_OBJC_ISA_USAGE = YES_ERROR;
				CLANG_WARN_DOCUMENTATION_COMMENTS = YES;
				CLANG_WARN_EMPTY_BODY = YES;
				CLANG_WARN_ENUM_CONVERSION = YES;
				CLANG_WARN_INFINITE_RECURSION = YES;
				CLANG_WARN_INT_CONVERSION = YES;
				CLANG_WARN_NON_LITERAL_NULL_CONVERSION = YES;
				CLANG_WARN_OBJC_IMPLICIT_RETAIN_SELF = YES;
				CLANG_WARN_OBJC_LITERAL_CONVERSION = YES;
				CLANG_WARN_OBJC_ROOT_CLASS = YES_ERROR;
				CLANG_WARN_QUOTED_INCLUDE_IN_FRAMEWORK_HEADER = YES;
				CLANG_WARN_RANGE_LOOP_ANALYSIS = YES;
				CLANG_WARN_STRICT_PROTOTYPES = YES;
				CLANG_WARN_SUSPICIOUS_MOVE = YES;
				CLANG_WARN_UNGUARDED_AVAILABILITY = YES_AGGRESSIVE;
				CLANG_WARN_UNREACHABLE_CODE = YES;
				CLANG_WARN__DUPLICATE_METHOD_MATCH = YES;
				COPY_PHASE_STRIP = NO;
				DEBUG_INFORMATION_FORMAT = "dwarf-with-dsym";
				ENABLE_NS_ASSERTIONS = NO;
				ENABLE_STRICT_OBJC_MSGSEND = YES;
				FRAMEWORK_SEARCH_PATHS = "${SRCROOT}/Frameworks/**";
				GCC_C_LANGUAGE_STANDARD = gnu11;
				GCC_NO_COMMON_BLOCKS = YES;
				GCC_WARN_64_TO_32_BIT_CONVERSION = YES;
				GCC_WARN_ABOUT_RETURN_TYPE = YES_ERROR;
				GCC_WARN_UNDECLARED_SELECTOR = YES;
				GCC_WARN_UNINITIALIZED_AUTOS = YES_AGGRESSIVE;
				GCC_WARN_UNUSED_FUNCTION = YES;
				GCC_WARN_UNUSED_VARIABLE = YES;
				IPHONEOS_DEPLOYMENT_TARGET = 15.0;
				MACOSX_DEPLOYMENT_TARGET = 12.0;
				MTL_ENABLE_DEBUG_INFO = NO;
				MTL_FAST_MATH = YES;
				SWIFT_COMPILATION_MODE = wholemodule;
				SWIFT_OPTIMIZATION_LEVEL = "-O";
			};
			name = Release;
		};
		83765CCB2676ADC400318CDB /* Debug */ = {
			isa = XCBuildConfiguration;
			buildSettings = {
				ALWAYS_EMBED_SWIFT_STANDARD_LIBRARIES = YES;
				ASSETCATALOG_COMPILER_APPICON_NAME = "AppIcon-iOS";
				ASSETCATALOG_COMPILER_GLOBAL_ACCENT_COLOR_NAME = AccentColor;
				ASSETCATALOG_COMPILER_INCLUDE_ALL_APPICON_ASSETS = YES;
				CODE_SIGN_ENTITLEMENTS = Crate.entitlements;
				CODE_SIGN_IDENTITY = "Apple Development";
				CODE_SIGN_STYLE = Automatic;
				CURRENT_PROJECT_VERSION = 1;
				DEVELOPMENT_TEAM = N43YW78JC6;
				ENABLE_PREVIEWS = YES;
				FRAMEWORK_SEARCH_PATHS = (
					"$(inherited)",
					"$(PROJECT_DIR)/Tests\\ macOS",
					"$(PROJECT_DIR)",
					"$(PROJECT_DIR)/Frameworks",
				);
				GENERATE_INFOPLIST_FILE = YES;
				INFOPLIST_FILE = "Crate--iOS--Info.plist";
				INFOPLIST_KEY_CFBundleExecutable = Crate;
				INFOPLIST_KEY_CFBundleName = Crate;
				INFOPLIST_KEY_CFBundleVersion = 1;
				INFOPLIST_KEY_NSFaceIDUsageDescription = "Crate uses Face ID as a hardware-based encryption method for your files. By keeping it on-device, no one but you can access your files.";
				INFOPLIST_KEY_UIApplicationSceneManifest_Generation = YES;
				INFOPLIST_KEY_UIApplicationSupportsIndirectInputEvents = YES;
				INFOPLIST_KEY_UILaunchScreen_Generation = YES;
				INFOPLIST_KEY_UISupportedInterfaceOrientations_iPad = "UIInterfaceOrientationPortrait UIInterfaceOrientationPortraitUpsideDown UIInterfaceOrientationLandscapeLeft UIInterfaceOrientationLandscapeRight";
				INFOPLIST_KEY_UISupportedInterfaceOrientations_iPhone = "UIInterfaceOrientationPortrait UIInterfaceOrientationLandscapeLeft UIInterfaceOrientationLandscapeRight";
				IPHONEOS_DEPLOYMENT_TARGET = 15.0;
				LD_RUNPATH_SEARCH_PATHS = (
					"$(inherited)",
					"@executable_path/Frameworks",
				);
				MARKETING_VERSION = 1.0;
				PRODUCT_BUNDLE_IDENTIFIER = com.chrisvanderloo.Crate;
				PRODUCT_NAME = Crate;
				PROVISIONING_PROFILE_SPECIFIER = "";
				SDKROOT = iphoneos;
				SUPPORTS_MACCATALYST = NO;
				SUPPORTS_MAC_DESIGNED_FOR_IPHONE_IPAD = NO;
				SWIFT_EMIT_LOC_STRINGS = YES;
				SWIFT_VERSION = 5.0;
				TARGETED_DEVICE_FAMILY = "1,2";
			};
			name = Debug;
		};
		83765CCC2676ADC400318CDB /* Release */ = {
			isa = XCBuildConfiguration;
			buildSettings = {
				ALWAYS_EMBED_SWIFT_STANDARD_LIBRARIES = YES;
				ASSETCATALOG_COMPILER_APPICON_NAME = "AppIcon-iOS";
				ASSETCATALOG_COMPILER_GLOBAL_ACCENT_COLOR_NAME = AccentColor;
				ASSETCATALOG_COMPILER_INCLUDE_ALL_APPICON_ASSETS = YES;
				CODE_SIGN_ENTITLEMENTS = Crate.entitlements;
				CODE_SIGN_IDENTITY = "Apple Development";
				CODE_SIGN_STYLE = Automatic;
				CURRENT_PROJECT_VERSION = 1;
				DEVELOPMENT_TEAM = N43YW78JC6;
				ENABLE_PREVIEWS = YES;
				FRAMEWORK_SEARCH_PATHS = (
					"$(inherited)",
					"$(PROJECT_DIR)/Tests\\ macOS",
					"$(PROJECT_DIR)",
					"$(PROJECT_DIR)/Frameworks",
				);
				GENERATE_INFOPLIST_FILE = YES;
				INFOPLIST_FILE = "Crate--iOS--Info.plist";
				INFOPLIST_KEY_CFBundleExecutable = Crate;
				INFOPLIST_KEY_CFBundleName = Crate;
				INFOPLIST_KEY_CFBundleVersion = 1;
				INFOPLIST_KEY_NSFaceIDUsageDescription = "Crate uses Face ID as a hardware-based encryption method for your files. By keeping it on-device, no one but you can access your files.";
				INFOPLIST_KEY_UIApplicationSceneManifest_Generation = YES;
				INFOPLIST_KEY_UIApplicationSupportsIndirectInputEvents = YES;
				INFOPLIST_KEY_UILaunchScreen_Generation = YES;
				INFOPLIST_KEY_UISupportedInterfaceOrientations_iPad = "UIInterfaceOrientationPortrait UIInterfaceOrientationPortraitUpsideDown UIInterfaceOrientationLandscapeLeft UIInterfaceOrientationLandscapeRight";
				INFOPLIST_KEY_UISupportedInterfaceOrientations_iPhone = "UIInterfaceOrientationPortrait UIInterfaceOrientationLandscapeLeft UIInterfaceOrientationLandscapeRight";
				IPHONEOS_DEPLOYMENT_TARGET = 15.0;
				LD_RUNPATH_SEARCH_PATHS = (
					"$(inherited)",
					"@executable_path/Frameworks",
				);
				MARKETING_VERSION = 1.0;
				PRODUCT_BUNDLE_IDENTIFIER = com.chrisvanderloo.Crate;
				PRODUCT_NAME = Crate;
				PROVISIONING_PROFILE_SPECIFIER = "";
				SDKROOT = iphoneos;
				SUPPORTS_MACCATALYST = NO;
				SUPPORTS_MAC_DESIGNED_FOR_IPHONE_IPAD = NO;
				SWIFT_EMIT_LOC_STRINGS = YES;
				SWIFT_VERSION = 5.0;
				TARGETED_DEVICE_FAMILY = "1,2";
				VALIDATE_PRODUCT = YES;
			};
			name = Release;
		};
		83765CCE2676ADC400318CDB /* Debug */ = {
			isa = XCBuildConfiguration;
			buildSettings = {
				ALWAYS_EMBED_SWIFT_STANDARD_LIBRARIES = YES;
				ASSETCATALOG_COMPILER_APPICON_NAME = "AppIcon-macOS";
				ASSETCATALOG_COMPILER_GLOBAL_ACCENT_COLOR_NAME = AccentColor;
				ASSETCATALOG_COMPILER_INCLUDE_ALL_APPICON_ASSETS = YES;
				CODE_SIGN_ENTITLEMENTS = "Crate (macOS).entitlements";
				CODE_SIGN_STYLE = Automatic;
				COMBINE_HIDPI_IMAGES = YES;
				CURRENT_PROJECT_VERSION = 1;
				DEVELOPMENT_TEAM = N43YW78JC6;
				ENABLE_APP_SANDBOX = YES;
				ENABLE_PREVIEWS = YES;
				ENABLE_USER_SELECTED_FILES = readonly;
				FRAMEWORK_SEARCH_PATHS = (
					"$(inherited)",
					"$(PROJECT_DIR)/Tests\\ macOS",
					"$(PROJECT_DIR)",
					"$(PROJECT_DIR)/Frameworks",
				);
				GENERATE_INFOPLIST_FILE = YES;
				INFOPLIST_FILE = "Crate--macOS--Info.plist";
				INFOPLIST_KEY_NSFaceIDUsageDescription = "Crate uses Face ID as a hardware-based encryption method for your files. By keeping it on-device, no one but you can access your files.";
				INFOPLIST_KEY_NSHumanReadableCopyright = "";
				LD_RUNPATH_SEARCH_PATHS = (
					"$(inherited)",
					"@executable_path/../Frameworks",
				);
				MACOSX_DEPLOYMENT_TARGET = 12.0;
				MARKETING_VERSION = 1.0;
				PRODUCT_BUNDLE_IDENTIFIER = com.chrisvanderloo.Crate;
				PRODUCT_NAME = Crate;
				SDKROOT = macosx;
				SWIFT_EMIT_LOC_STRINGS = YES;
				SWIFT_VERSION = 5.0;
			};
			name = Debug;
		};
		83765CCF2676ADC400318CDB /* Release */ = {
			isa = XCBuildConfiguration;
			buildSettings = {
				ALWAYS_EMBED_SWIFT_STANDARD_LIBRARIES = YES;
				ASSETCATALOG_COMPILER_APPICON_NAME = "AppIcon-macOS";
				ASSETCATALOG_COMPILER_GLOBAL_ACCENT_COLOR_NAME = AccentColor;
				ASSETCATALOG_COMPILER_INCLUDE_ALL_APPICON_ASSETS = YES;
				CODE_SIGN_ENTITLEMENTS = "Crate (macOS).entitlements";
				CODE_SIGN_STYLE = Automatic;
				COMBINE_HIDPI_IMAGES = YES;
				CURRENT_PROJECT_VERSION = 1;
				DEVELOPMENT_TEAM = N43YW78JC6;
				ENABLE_APP_SANDBOX = YES;
				ENABLE_PREVIEWS = YES;
				ENABLE_USER_SELECTED_FILES = readonly;
				FRAMEWORK_SEARCH_PATHS = (
					"$(inherited)",
					"$(PROJECT_DIR)/Tests\\ macOS",
					"$(PROJECT_DIR)",
					"$(PROJECT_DIR)/Frameworks",
				);
				GENERATE_INFOPLIST_FILE = YES;
				INFOPLIST_FILE = "Crate--macOS--Info.plist";
				INFOPLIST_KEY_NSFaceIDUsageDescription = "Crate uses Face ID as a hardware-based encryption method for your files. By keeping it on-device, no one but you can access your files.";
				INFOPLIST_KEY_NSHumanReadableCopyright = "";
				LD_RUNPATH_SEARCH_PATHS = (
					"$(inherited)",
					"@executable_path/../Frameworks",
				);
				MACOSX_DEPLOYMENT_TARGET = 12.0;
				MARKETING_VERSION = 1.0;
				PRODUCT_BUNDLE_IDENTIFIER = com.chrisvanderloo.Crate;
				PRODUCT_NAME = Crate;
				SDKROOT = macosx;
				SWIFT_EMIT_LOC_STRINGS = YES;
				SWIFT_VERSION = 5.0;
			};
			name = Release;
		};
		83765CD12676ADC400318CDB /* Debug */ = {
			isa = XCBuildConfiguration;
			buildSettings = {
				ALWAYS_EMBED_SWIFT_STANDARD_LIBRARIES = YES;
				CODE_SIGN_STYLE = Automatic;
				CURRENT_PROJECT_VERSION = 1;
				GENERATE_INFOPLIST_FILE = YES;
				IPHONEOS_DEPLOYMENT_TARGET = 15.0;
				LD_RUNPATH_SEARCH_PATHS = (
					"$(inherited)",
					"@executable_path/Frameworks",
					"@loader_path/Frameworks",
				);
				MARKETING_VERSION = 1.0;
				PRODUCT_BUNDLE_IDENTIFIER = "com.chrisvanderloo.Tests-iOS";
				PRODUCT_NAME = "$(TARGET_NAME)";
				SDKROOT = iphoneos;
				SWIFT_EMIT_LOC_STRINGS = NO;
				SWIFT_VERSION = 5.0;
				TARGETED_DEVICE_FAMILY = "1,2";
				TEST_TARGET_NAME = "Crate (iOS)";
			};
			name = Debug;
		};
		83765CD22676ADC400318CDB /* Release */ = {
			isa = XCBuildConfiguration;
			buildSettings = {
				ALWAYS_EMBED_SWIFT_STANDARD_LIBRARIES = YES;
				CODE_SIGN_STYLE = Automatic;
				CURRENT_PROJECT_VERSION = 1;
				GENERATE_INFOPLIST_FILE = YES;
				IPHONEOS_DEPLOYMENT_TARGET = 15.0;
				LD_RUNPATH_SEARCH_PATHS = (
					"$(inherited)",
					"@executable_path/Frameworks",
					"@loader_path/Frameworks",
				);
				MARKETING_VERSION = 1.0;
				PRODUCT_BUNDLE_IDENTIFIER = "com.chrisvanderloo.Tests-iOS";
				PRODUCT_NAME = "$(TARGET_NAME)";
				SDKROOT = iphoneos;
				SWIFT_EMIT_LOC_STRINGS = NO;
				SWIFT_VERSION = 5.0;
				TARGETED_DEVICE_FAMILY = "1,2";
				TEST_TARGET_NAME = "Crate (iOS)";
				VALIDATE_PRODUCT = YES;
			};
			name = Release;
		};
		83765CD42676ADC400318CDB /* Debug */ = {
			isa = XCBuildConfiguration;
			buildSettings = {
				ALWAYS_EMBED_SWIFT_STANDARD_LIBRARIES = YES;
				CODE_SIGN_STYLE = Automatic;
				COMBINE_HIDPI_IMAGES = YES;
				CURRENT_PROJECT_VERSION = 1;
				GENERATE_INFOPLIST_FILE = YES;
				LD_RUNPATH_SEARCH_PATHS = (
					"$(inherited)",
					"@executable_path/../Frameworks",
					"@loader_path/../Frameworks",
				);
				MACOSX_DEPLOYMENT_TARGET = 11.4;
				MARKETING_VERSION = 1.0;
				PRODUCT_BUNDLE_IDENTIFIER = "com.chrisvanderloo.Tests-macOS";
				PRODUCT_NAME = "$(TARGET_NAME)";
				SDKROOT = macosx;
				SWIFT_EMIT_LOC_STRINGS = NO;
				SWIFT_VERSION = 5.0;
				TEST_TARGET_NAME = "Crate (macOS)";
			};
			name = Debug;
		};
		83765CD52676ADC400318CDB /* Release */ = {
			isa = XCBuildConfiguration;
			buildSettings = {
				ALWAYS_EMBED_SWIFT_STANDARD_LIBRARIES = YES;
				CODE_SIGN_STYLE = Automatic;
				COMBINE_HIDPI_IMAGES = YES;
				CURRENT_PROJECT_VERSION = 1;
				GENERATE_INFOPLIST_FILE = YES;
				LD_RUNPATH_SEARCH_PATHS = (
					"$(inherited)",
					"@executable_path/../Frameworks",
					"@loader_path/../Frameworks",
				);
				MACOSX_DEPLOYMENT_TARGET = 11.4;
				MARKETING_VERSION = 1.0;
				PRODUCT_BUNDLE_IDENTIFIER = "com.chrisvanderloo.Tests-macOS";
				PRODUCT_NAME = "$(TARGET_NAME)";
				SDKROOT = macosx;
				SWIFT_EMIT_LOC_STRINGS = NO;
				SWIFT_VERSION = 5.0;
				TEST_TARGET_NAME = "Crate (macOS)";
			};
			name = Release;
		};
/* End XCBuildConfiguration section */

/* Begin XCConfigurationList section */
		7F0FA13527C4167F00C603F5 /* Build configuration list for PBXNativeTarget "CrateFilesAppProviderUI" */ = {
			isa = XCConfigurationList;
			buildConfigurations = (
				7F0FA13327C4167F00C603F5 /* Debug */,
				7F0FA13427C4167F00C603F5 /* Release */,
			);
			defaultConfigurationIsVisible = 0;
			defaultConfigurationName = Release;
		};
		7F0FA13627C4167F00C603F5 /* Build configuration list for PBXNativeTarget "CrateFilesAppProvider" */ = {
			isa = XCConfigurationList;
			buildConfigurations = (
				7F0FA13127C4167F00C603F5 /* Debug */,
				7F0FA13227C4167F00C603F5 /* Release */,
			);
			defaultConfigurationIsVisible = 0;
			defaultConfigurationName = Release;
		};
		7F0FA15127C417AF00C603F5 /* Build configuration list for PBXNativeTarget "CrateFinderProvider" */ = {
			isa = XCConfigurationList;
			buildConfigurations = (
				7F0FA15227C417AF00C603F5 /* Debug */,
				7F0FA15327C417AF00C603F5 /* Release */,
			);
			defaultConfigurationIsVisible = 0;
			defaultConfigurationName = Release;
		};
		83765C9E2676ADC100318CDB /* Build configuration list for PBXProject "Crate" */ = {
			isa = XCConfigurationList;
			buildConfigurations = (
				83765CC82676ADC400318CDB /* Debug */,
				83765CC92676ADC400318CDB /* Release */,
			);
			defaultConfigurationIsVisible = 0;
			defaultConfigurationName = Release;
		};
		83765CCA2676ADC400318CDB /* Build configuration list for PBXNativeTarget "Crate (iOS)" */ = {
			isa = XCConfigurationList;
			buildConfigurations = (
				83765CCB2676ADC400318CDB /* Debug */,
				83765CCC2676ADC400318CDB /* Release */,
			);
			defaultConfigurationIsVisible = 0;
			defaultConfigurationName = Release;
		};
		83765CCD2676ADC400318CDB /* Build configuration list for PBXNativeTarget "Crate (macOS)" */ = {
			isa = XCConfigurationList;
			buildConfigurations = (
				83765CCE2676ADC400318CDB /* Debug */,
				83765CCF2676ADC400318CDB /* Release */,
			);
			defaultConfigurationIsVisible = 0;
			defaultConfigurationName = Release;
		};
		83765CD02676ADC400318CDB /* Build configuration list for PBXNativeTarget "Tests iOS" */ = {
			isa = XCConfigurationList;
			buildConfigurations = (
				83765CD12676ADC400318CDB /* Debug */,
				83765CD22676ADC400318CDB /* Release */,
			);
			defaultConfigurationIsVisible = 0;
			defaultConfigurationName = Release;
		};
		83765CD32676ADC400318CDB /* Build configuration list for PBXNativeTarget "Tests macOS" */ = {
			isa = XCConfigurationList;
			buildConfigurations = (
				83765CD42676ADC400318CDB /* Debug */,
				83765CD52676ADC400318CDB /* Release */,
			);
			defaultConfigurationIsVisible = 0;
			defaultConfigurationName = Release;
		};
/* End XCConfigurationList section */

/* Begin XCRemoteSwiftPackageReference section */
		7F40087F27DE9C3F0031002E /* XCRemoteSwiftPackageReference "firebase-ios-sdk" */ = {
			isa = XCRemoteSwiftPackageReference;
			repositoryURL = "https://github.com/firebase/firebase-ios-sdk";
			requirement = {
				kind = upToNextMajorVersion;
				minimumVersion = 8.10.0;
			};
		};
/* End XCRemoteSwiftPackageReference section */

/* Begin XCSwiftPackageProductDependency section */
		7F40088027DE9C3F0031002E /* FirebaseAnalytics */ = {
			isa = XCSwiftPackageProductDependency;
			package = 7F40087F27DE9C3F0031002E /* XCRemoteSwiftPackageReference "firebase-ios-sdk" */;
			productName = FirebaseAnalytics;
		};
		7F40088627DE9C3F0031002E /* FirebaseAuth */ = {
			isa = XCSwiftPackageProductDependency;
			package = 7F40087F27DE9C3F0031002E /* XCRemoteSwiftPackageReference "firebase-ios-sdk" */;
			productName = FirebaseAuth;
		};
		7F40088E27DE9C3F0031002E /* FirebaseDynamicLinks */ = {
			isa = XCSwiftPackageProductDependency;
			package = 7F40087F27DE9C3F0031002E /* XCRemoteSwiftPackageReference "firebase-ios-sdk" */;
			productName = FirebaseDynamicLinks;
		};
		7F40089027DE9C3F0031002E /* FirebaseFirestore */ = {
			isa = XCSwiftPackageProductDependency;
			package = 7F40087F27DE9C3F0031002E /* XCRemoteSwiftPackageReference "firebase-ios-sdk" */;
			productName = FirebaseFirestore;
		};
		7F40089627DE9C3F0031002E /* FirebasePerformance */ = {
			isa = XCSwiftPackageProductDependency;
			package = 7F40087F27DE9C3F0031002E /* XCRemoteSwiftPackageReference "firebase-ios-sdk" */;
			productName = FirebasePerformance;
		};
		7F4008D027DE9D1A0031002E /* FirebaseAnalytics */ = {
			isa = XCSwiftPackageProductDependency;
			package = 7F40087F27DE9C3F0031002E /* XCRemoteSwiftPackageReference "firebase-ios-sdk" */;
			productName = FirebaseAnalytics;
		};
		7F4008D227DE9D1A0031002E /* FirebaseAuth */ = {
			isa = XCSwiftPackageProductDependency;
			package = 7F40087F27DE9C3F0031002E /* XCRemoteSwiftPackageReference "firebase-ios-sdk" */;
			productName = FirebaseAuth;
		};
		7F4008D427DE9D1A0031002E /* FirebaseDynamicLinks */ = {
			isa = XCSwiftPackageProductDependency;
			package = 7F40087F27DE9C3F0031002E /* XCRemoteSwiftPackageReference "firebase-ios-sdk" */;
			productName = FirebaseDynamicLinks;
		};
		7F4008D627DE9D1A0031002E /* FirebaseFirestore */ = {
			isa = XCSwiftPackageProductDependency;
			package = 7F40087F27DE9C3F0031002E /* XCRemoteSwiftPackageReference "firebase-ios-sdk" */;
			productName = FirebaseFirestore;
		};
		7F4008D827DE9D450031002E /* FirebasePerformance */ = {
			isa = XCSwiftPackageProductDependency;
			package = 7F40087F27DE9C3F0031002E /* XCRemoteSwiftPackageReference "firebase-ios-sdk" */;
			productName = FirebasePerformance;
		};
		7FB8AC6C27DEE55A0004AF9B /* FirebaseFirestoreCombine-Community */ = {
			isa = XCSwiftPackageProductDependency;
			package = 7F40087F27DE9C3F0031002E /* XCRemoteSwiftPackageReference "firebase-ios-sdk" */;
			productName = "FirebaseFirestoreCombine-Community";
		};
		7FB8AC6E27DEE55A0004AF9B /* FirebaseFirestoreSwift-Beta */ = {
			isa = XCSwiftPackageProductDependency;
			package = 7F40087F27DE9C3F0031002E /* XCRemoteSwiftPackageReference "firebase-ios-sdk" */;
			productName = "FirebaseFirestoreSwift-Beta";
		};
		7FB8AC7027DEE5DC0004AF9B /* FirebaseFirestoreCombine-Community */ = {
			isa = XCSwiftPackageProductDependency;
			package = 7F40087F27DE9C3F0031002E /* XCRemoteSwiftPackageReference "firebase-ios-sdk" */;
			productName = "FirebaseFirestoreCombine-Community";
		};
		7FB8AC7227DEE5DC0004AF9B /* FirebaseFirestoreSwift-Beta */ = {
			isa = XCSwiftPackageProductDependency;
			package = 7F40087F27DE9C3F0031002E /* XCRemoteSwiftPackageReference "firebase-ios-sdk" */;
			productName = "FirebaseFirestoreSwift-Beta";
		};
/* End XCSwiftPackageProductDependency section */
	};
	rootObject = 83765C9B2676ADC100318CDB /* Project object */;
}
